
Microsoft Visual Studio Solution File, Format Version 12.00
# Visual Studio Version 16
Project("{8BC9CEB8-8B4A-11D0-8D11-00A0C91BC942}") = "ALL_BUILD", "ALL_BUILD.vcxproj", "{4FDC4F9D-BCF3-31AB-8298-9259FE8B85C7}"
	ProjectSection(ProjectDependencies) = postProject
		{E23956C2-FD84-3900-B0B5-497DAB1E94EC} = {E23956C2-FD84-3900-B0B5-497DAB1E94EC}
		{1A78C5B8-3E8F-3C8A-A646-CD8622694BE8} = {1A78C5B8-3E8F-3C8A-A646-CD8622694BE8}
		{CBCA3C9B-FBCC-3CFD-B030-C4B7AFE9D0BA} = {CBCA3C9B-FBCC-3CFD-B030-C4B7AFE9D0BA}
		{F1BC7F1E-2944-31B6-BE07-345833C212C5} = {F1BC7F1E-2944-31B6-BE07-345833C212C5}
	EndProjectSection
EndProject
Project("{8BC9CEB8-8B4A-11D0-8D11-00A0C91BC942}") = "INSTALL", "INSTALL.vcxproj", "{394D0BD9-7083-3883-B1F4-1D4F07149217}"
	ProjectSection(ProjectDependencies) = postProject
		{4FDC4F9D-BCF3-31AB-8298-9259FE8B85C7} = {4FDC4F9D-BCF3-31AB-8298-9259FE8B85C7}
		{F1BC7F1E-2944-31B6-BE07-345833C212C5} = {F1BC7F1E-2944-31B6-BE07-345833C212C5}
	EndProjectSection
EndProject
Project("{8BC9CEB8-8B4A-11D0-8D11-00A0C91BC942}") = "MakeTable", "MathFunctions\MakeTable.vcxproj", "{E23956C2-FD84-3900-B0B5-497DAB1E94EC}"
	ProjectSection(ProjectDependencies) = postProject
		{F1BC7F1E-2944-31B6-BE07-345833C212C5} = {F1BC7F1E-2944-31B6-BE07-345833C212C5}
	EndProjectSection
EndProject
Project("{8BC9CEB8-8B4A-11D0-8D11-00A0C91BC942}") = "MathFunctions", "MathFunctions\MathFunctions.vcxproj", "{1A78C5B8-3E8F-3C8A-A646-CD8622694BE8}"
	ProjectSection(ProjectDependencies) = postProject
		{E23956C2-FD84-3900-B0B5-497DAB1E94EC} = {E23956C2-FD84-3900-B0B5-497DAB1E94EC}
		{F1BC7F1E-2944-31B6-BE07-345833C212C5} = {F1BC7F1E-2944-31B6-BE07-345833C212C5}
	EndProjectSection
EndProject
Project("{8BC9CEB8-8B4A-11D0-8D11-00A0C91BC942}") = "RUN_TESTS", "RUN_TESTS.vcxproj", "{993A27F8-FF59-3666-BF69-89FB04A9052C}"
	ProjectSection(ProjectDependencies) = postProject
		{F1BC7F1E-2944-31B6-BE07-345833C212C5} = {F1BC7F1E-2944-31B6-BE07-345833C212C5}
	EndProjectSection
EndProject
Project("{8BC9CEB8-8B4A-11D0-8D11-00A0C91BC942}") = "Tutorial", "Tutorial.vcxproj", "{CBCA3C9B-FBCC-3CFD-B030-C4B7AFE9D0BA}"
	ProjectSection(ProjectDependencies) = postProject
		{1A78C5B8-3E8F-3C8A-A646-CD8622694BE8} = {1A78C5B8-3E8F-3C8A-A646-CD8622694BE8}
		{F1BC7F1E-2944-31B6-BE07-345833C212C5} = {F1BC7F1E-2944-31B6-BE07-345833C212C5}
	EndProjectSection
EndProject
Project("{8BC9CEB8-8B4A-11D0-8D11-00A0C91BC942}") = "ZERO_CHECK", "ZERO_CHECK.vcxproj", "{F1BC7F1E-2944-31B6-BE07-345833C212C5}"
	ProjectSection(ProjectDependencies) = postProject
	EndProjectSection
EndProject
Global
	GlobalSection(SolutionConfigurationPlatforms) = preSolution
		Debug|x64 = Debug|x64
		Release|x64 = Release|x64
		MinSizeRel|x64 = MinSizeRel|x64
		RelWithDebInfo|x64 = RelWithDebInfo|x64
	EndGlobalSection
	GlobalSection(ProjectConfigurationPlatforms) = postSolution
		{4FDC4F9D-BCF3-31AB-8298-9259FE8B85C7}.Debug|x64.ActiveCfg = Debug|x64
		{4FDC4F9D-BCF3-31AB-8298-9259FE8B85C7}.Debug|x64.Build.0 = Debug|x64
		{4FDC4F9D-BCF3-31AB-8298-9259FE8B85C7}.Release|x64.ActiveCfg = Release|x64
		{4FDC4F9D-BCF3-31AB-8298-9259FE8B85C7}.Release|x64.Build.0 = Release|x64
		{4FDC4F9D-BCF3-31AB-8298-9259FE8B85C7}.MinSizeRel|x64.ActiveCfg = MinSizeRel|x64
		{4FDC4F9D-BCF3-31AB-8298-9259FE8B85C7}.MinSizeRel|x64.Build.0 = MinSizeRel|x64
		{4FDC4F9D-BCF3-31AB-8298-9259FE8B85C7}.RelWithDebInfo|x64.ActiveCfg = RelWithDebInfo|x64
		{4FDC4F9D-BCF3-31AB-8298-9259FE8B85C7}.RelWithDebInfo|x64.Build.0 = RelWithDebInfo|x64
		{394D0BD9-7083-3883-B1F4-1D4F07149217}.Debug|x64.ActiveCfg = Debug|x64
		{394D0BD9-7083-3883-B1F4-1D4F07149217}.Release|x64.ActiveCfg = Release|x64
		{394D0BD9-7083-3883-B1F4-1D4F07149217}.MinSizeRel|x64.ActiveCfg = MinSizeRel|x64
		{394D0BD9-7083-3883-B1F4-1D4F07149217}.RelWithDebInfo|x64.ActiveCfg = RelWithDebInfo|x64
		{E23956C2-FD84-3900-B0B5-497DAB1E94EC}.Debug|x64.ActiveCfg = Debug|x64
		{E23956C2-FD84-3900-B0B5-497DAB1E94EC}.Debug|x64.Build.0 = Debug|x64
		{E23956C2-FD84-3900-B0B5-497DAB1E94EC}.Release|x64.ActiveCfg = Release|x64
		{E23956C2-FD84-3900-B0B5-497DAB1E94EC}.Release|x64.Build.0 = Release|x64
		{E23956C2-FD84-3900-B0B5-497DAB1E94EC}.MinSizeRel|x64.ActiveCfg = MinSizeRel|x64
		{E23956C2-FD84-3900-B0B5-497DAB1E94EC}.MinSizeRel|x64.Build.0 = MinSizeRel|x64
		{E23956C2-FD84-3900-B0B5-497DAB1E94EC}.RelWithDebInfo|x64.ActiveCfg = RelWithDebInfo|x64
		{E23956C2-FD84-3900-B0B5-497DAB1E94EC}.RelWithDebInfo|x64.Build.0 = RelWithDebInfo|x64
		{1A78C5B8-3E8F-3C8A-A646-CD8622694BE8}.Debug|x64.ActiveCfg = Debug|x64
		{1A78C5B8-3E8F-3C8A-A646-CD8622694BE8}.Debug|x64.Build.0 = Debug|x64
		{1A78C5B8-3E8F-3C8A-A646-CD8622694BE8}.Release|x64.ActiveCfg = Release|x64
		{1A78C5B8-3E8F-3C8A-A646-CD8622694BE8}.Release|x64.Build.0 = Release|x64
		{1A78C5B8-3E8F-3C8A-A646-CD8622694BE8}.MinSizeRel|x64.ActiveCfg = MinSizeRel|x64
		{1A78C5B8-3E8F-3C8A-A646-CD8622694BE8}.MinSizeRel|x64.Build.0 = MinSizeRel|x64
		{1A78C5B8-3E8F-3C8A-A646-CD8622694BE8}.RelWithDebInfo|x64.ActiveCfg = RelWithDebInfo|x64
		{1A78C5B8-3E8F-3C8A-A646-CD8622694BE8}.RelWithDebInfo|x64.Build.0 = RelWithDebInfo|x64
		{993A27F8-FF59-3666-BF69-89FB04A9052C}.Debug|x64.ActiveCfg = Debug|x64
		{993A27F8-FF59-3666-BF69-89FB04A9052C}.Release|x64.ActiveCfg = Release|x64
		{993A27F8-FF59-3666-BF69-89FB04A9052C}.MinSizeRel|x64.ActiveCfg = MinSizeRel|x64
		{993A27F8-FF59-3666-BF69-89FB04A9052C}.RelWithDebInfo|x64.ActiveCfg = RelWithDebInfo|x64
		{CBCA3C9B-FBCC-3CFD-B030-C4B7AFE9D0BA}.Debug|x64.ActiveCfg = Debug|x64
		{CBCA3C9B-FBCC-3CFD-B030-C4B7AFE9D0BA}.Debug|x64.Build.0 = Debug|x64
		{CBCA3C9B-FBCC-3CFD-B030-C4B7AFE9D0BA}.Release|x64.ActiveCfg = Release|x64
		{CBCA3C9B-FBCC-3CFD-B030-C4B7AFE9D0BA}.Release|x64.Build.0 = Release|x64
		{CBCA3C9B-FBCC-3CFD-B030-C4B7AFE9D0BA}.MinSizeRel|x64.ActiveCfg = MinSizeRel|x64
		{CBCA3C9B-FBCC-3CFD-B030-C4B7AFE9D0BA}.MinSizeRel|x64.Build.0 = MinSizeRel|x64
		{CBCA3C9B-FBCC-3CFD-B030-C4B7AFE9D0BA}.RelWithDebInfo|x64.ActiveCfg = RelWithDebInfo|x64
		{CBCA3C9B-FBCC-3CFD-B030-C4B7AFE9D0BA}.RelWithDebInfo|x64.Build.0 = RelWithDebInfo|x64
		{F1BC7F1E-2944-31B6-BE07-345833C212C5}.Debug|x64.ActiveCfg = Debug|x64
		{F1BC7F1E-2944-31B6-BE07-345833C212C5}.Debug|x64.Build.0 = Debug|x64
		{F1BC7F1E-2944-31B6-BE07-345833C212C5}.Release|x64.ActiveCfg = Release|x64
		{F1BC7F1E-2944-31B6-BE07-345833C212C5}.Release|x64.Build.0 = Release|x64
		{F1BC7F1E-2944-31B6-BE07-345833C212C5}.MinSizeRel|x64.ActiveCfg = MinSizeRel|x64
		{F1BC7F1E-2944-31B6-BE07-345833C212C5}.MinSizeRel|x64.Build.0 = MinSizeRel|x64
		{F1BC7F1E-2944-31B6-BE07-345833C212C5}.RelWithDebInfo|x64.ActiveCfg = RelWithDebInfo|x64
		{F1BC7F1E-2944-31B6-BE07-345833C212C5}.RelWithDebInfo|x64.Build.0 = RelWithDebInfo|x64
	EndGlobalSection
	GlobalSection(ExtensibilityGlobals) = postSolution
		SolutionGuid = {F06F85D6-4E53-34DA-A445-769B35370FB1}
	EndGlobalSection
	GlobalSection(ExtensibilityAddIns) = postSolution
	EndGlobalSection
EndGlobal
