
Microsoft Visual Studio Solution File, Format Version 12.00
# Visual Studio Version 16
Project("{8BC9CEB8-8B4A-11D0-8D11-00A0C91BC942}") = "ALL_BUILD", "ALL_BUILD.vcxproj", "{EEDD2943-0BA0-3C16-806C-B13423B2E47D}"
	ProjectSection(ProjectDependencies) = postProject
		{C94B169D-DA1C-3D55-BB3D-073D24CF0D40} = {C94B169D-DA1C-3D55-BB3D-073D24CF0D40}
		{2FF08786-63FF-3A3E-B900-9DCAB0DD1A79} = {2FF08786-63FF-3A3E-B900-9DCAB0DD1A79}
		{0732579D-3970-3DFD-A7B8-BA8220CF3B73} = {0732579D-3970-3DFD-A7B8-BA8220CF3B73}
		{11F4C197-2309-36E9-917D-56222AD5D965} = {11F4C197-2309-36E9-917D-56222AD5D965}
		{533F0ABD-53A6-3A7E-A637-59BD2F6436A2} = {533F0ABD-53A6-3A7E-A637-59BD2F6436A2}
	EndProjectSection
EndProject
Project("{8BC9CEB8-8B4A-11D0-8D11-00A0C91BC942}") = "INSTALL", "INSTALL.vcxproj", "{E0A3EB17-DB06-3616-82E5-422D68072A05}"
	ProjectSection(ProjectDependencies) = postProject
		{EEDD2943-0BA0-3C16-806C-B13423B2E47D} = {EEDD2943-0BA0-3C16-806C-B13423B2E47D}
		{533F0ABD-53A6-3A7E-A637-59BD2F6436A2} = {533F0ABD-53A6-3A7E-A637-59BD2F6436A2}
	EndProjectSection
EndProject
Project("{8BC9CEB8-8B4A-11D0-8D11-00A0C91BC942}") = "MakeTable", "MathFunctions\MakeTable.vcxproj", "{C94B169D-DA1C-3D55-BB3D-073D24CF0D40}"
	ProjectSection(ProjectDependencies) = postProject
		{533F0ABD-53A6-3A7E-A637-59BD2F6436A2} = {533F0ABD-53A6-3A7E-A637-59BD2F6436A2}
	EndProjectSection
EndProject
Project("{8BC9CEB8-8B4A-11D0-8D11-00A0C91BC942}") = "MathFunctions", "MathFunctions\MathFunctions.vcxproj", "{2FF08786-63FF-3A3E-B900-9DCAB0DD1A79}"
	ProjectSection(ProjectDependencies) = postProject
		{0732579D-3970-3DFD-A7B8-BA8220CF3B73} = {0732579D-3970-3DFD-A7B8-BA8220CF3B73}
		{533F0ABD-53A6-3A7E-A637-59BD2F6436A2} = {533F0ABD-53A6-3A7E-A637-59BD2F6436A2}
	EndProjectSection
EndProject
Project("{8BC9CEB8-8B4A-11D0-8D11-00A0C91BC942}") = "PACKAGE", "PACKAGE.vcxproj", "{961FA26D-471C-3C9D-BE91-AF5C9EE3CFF6}"
	ProjectSection(ProjectDependencies) = postProject
		{EEDD2943-0BA0-3C16-806C-B13423B2E47D} = {EEDD2943-0BA0-3C16-806C-B13423B2E47D}
		{533F0ABD-53A6-3A7E-A637-59BD2F6436A2} = {533F0ABD-53A6-3A7E-A637-59BD2F6436A2}
	EndProjectSection
EndProject
Project("{8BC9CEB8-8B4A-11D0-8D11-00A0C91BC942}") = "RUN_TESTS", "RUN_TESTS.vcxproj", "{96830B9D-C717-3805-AE37-1591204B8236}"
	ProjectSection(ProjectDependencies) = postProject
		{533F0ABD-53A6-3A7E-A637-59BD2F6436A2} = {533F0ABD-53A6-3A7E-A637-59BD2F6436A2}
	EndProjectSection
EndProject
Project("{8BC9CEB8-8B4A-11D0-8D11-00A0C91BC942}") = "SqrtLibrary", "MathFunctions\SqrtLibrary.vcxproj", "{0732579D-3970-3DFD-A7B8-BA8220CF3B73}"
	ProjectSection(ProjectDependencies) = postProject
		{C94B169D-DA1C-3D55-BB3D-073D24CF0D40} = {C94B169D-DA1C-3D55-BB3D-073D24CF0D40}
		{533F0ABD-53A6-3A7E-A637-59BD2F6436A2} = {533F0ABD-53A6-3A7E-A637-59BD2F6436A2}
	EndProjectSection
EndProject
Project("{8BC9CEB8-8B4A-11D0-8D11-00A0C91BC942}") = "Tutorial", "Tutorial.vcxproj", "{11F4C197-2309-36E9-917D-56222AD5D965}"
	ProjectSection(ProjectDependencies) = postProject
		{2FF08786-63FF-3A3E-B900-9DCAB0DD1A79} = {2FF08786-63FF-3A3E-B900-9DCAB0DD1A79}
		{533F0ABD-53A6-3A7E-A637-59BD2F6436A2} = {533F0ABD-53A6-3A7E-A637-59BD2F6436A2}
	EndProjectSection
EndProject
Project("{8BC9CEB8-8B4A-11D0-8D11-00A0C91BC942}") = "ZERO_CHECK", "ZERO_CHECK.vcxproj", "{533F0ABD-53A6-3A7E-A637-59BD2F6436A2}"
	ProjectSection(ProjectDependencies) = postProject
	EndProjectSection
EndProject
Global
	GlobalSection(SolutionConfigurationPlatforms) = preSolution
		Debug|x64 = Debug|x64
		Release|x64 = Release|x64
		MinSizeRel|x64 = MinSizeRel|x64
		RelWithDebInfo|x64 = RelWithDebInfo|x64
	EndGlobalSection
	GlobalSection(ProjectConfigurationPlatforms) = postSolution
		{EEDD2943-0BA0-3C16-806C-B13423B2E47D}.Debug|x64.ActiveCfg = Debug|x64
		{EEDD2943-0BA0-3C16-806C-B13423B2E47D}.Debug|x64.Build.0 = Debug|x64
		{EEDD2943-0BA0-3C16-806C-B13423B2E47D}.Release|x64.ActiveCfg = Release|x64
		{EEDD2943-0BA0-3C16-806C-B13423B2E47D}.Release|x64.Build.0 = Release|x64
		{EEDD2943-0BA0-3C16-806C-B13423B2E47D}.MinSizeRel|x64.ActiveCfg = MinSizeRel|x64
		{EEDD2943-0BA0-3C16-806C-B13423B2E47D}.MinSizeRel|x64.Build.0 = MinSizeRel|x64
		{EEDD2943-0BA0-3C16-806C-B13423B2E47D}.RelWithDebInfo|x64.ActiveCfg = RelWithDebInfo|x64
		{EEDD2943-0BA0-3C16-806C-B13423B2E47D}.RelWithDebInfo|x64.Build.0 = RelWithDebInfo|x64
		{E0A3EB17-DB06-3616-82E5-422D68072A05}.Debug|x64.ActiveCfg = Debug|x64
		{E0A3EB17-DB06-3616-82E5-422D68072A05}.Release|x64.ActiveCfg = Release|x64
		{E0A3EB17-DB06-3616-82E5-422D68072A05}.MinSizeRel|x64.ActiveCfg = MinSizeRel|x64
		{E0A3EB17-DB06-3616-82E5-422D68072A05}.RelWithDebInfo|x64.ActiveCfg = RelWithDebInfo|x64
		{C94B169D-DA1C-3D55-BB3D-073D24CF0D40}.Debug|x64.ActiveCfg = Debug|x64
		{C94B169D-DA1C-3D55-BB3D-073D24CF0D40}.Debug|x64.Build.0 = Debug|x64
		{C94B169D-DA1C-3D55-BB3D-073D24CF0D40}.Release|x64.ActiveCfg = Release|x64
		{C94B169D-DA1C-3D55-BB3D-073D24CF0D40}.Release|x64.Build.0 = Release|x64
		{C94B169D-DA1C-3D55-BB3D-073D24CF0D40}.MinSizeRel|x64.ActiveCfg = MinSizeRel|x64
		{C94B169D-DA1C-3D55-BB3D-073D24CF0D40}.MinSizeRel|x64.Build.0 = MinSizeRel|x64
		{C94B169D-DA1C-3D55-BB3D-073D24CF0D40}.RelWithDebInfo|x64.ActiveCfg = RelWithDebInfo|x64
		{C94B169D-DA1C-3D55-BB3D-073D24CF0D40}.RelWithDebInfo|x64.Build.0 = RelWithDebInfo|x64
		{2FF08786-63FF-3A3E-B900-9DCAB0DD1A79}.Debug|x64.ActiveCfg = Debug|x64
		{2FF08786-63FF-3A3E-B900-9DCAB0DD1A79}.Debug|x64.Build.0 = Debug|x64
		{2FF08786-63FF-3A3E-B900-9DCAB0DD1A79}.Release|x64.ActiveCfg = Release|x64
		{2FF08786-63FF-3A3E-B900-9DCAB0DD1A79}.Release|x64.Build.0 = Release|x64
		{2FF08786-63FF-3A3E-B900-9DCAB0DD1A79}.MinSizeRel|x64.ActiveCfg = MinSizeRel|x64
		{2FF08786-63FF-3A3E-B900-9DCAB0DD1A79}.MinSizeRel|x64.Build.0 = MinSizeRel|x64
		{2FF08786-63FF-3A3E-B900-9DCAB0DD1A79}.RelWithDebInfo|x64.ActiveCfg = RelWithDebInfo|x64
		{2FF08786-63FF-3A3E-B900-9DCAB0DD1A79}.RelWithDebInfo|x64.Build.0 = RelWithDebInfo|x64
		{961FA26D-471C-3C9D-BE91-AF5C9EE3CFF6}.Debug|x64.ActiveCfg = Debug|x64
		{961FA26D-471C-3C9D-BE91-AF5C9EE3CFF6}.Release|x64.ActiveCfg = Release|x64
		{961FA26D-471C-3C9D-BE91-AF5C9EE3CFF6}.MinSizeRel|x64.ActiveCfg = MinSizeRel|x64
		{961FA26D-471C-3C9D-BE91-AF5C9EE3CFF6}.RelWithDebInfo|x64.ActiveCfg = RelWithDebInfo|x64
		{96830B9D-C717-3805-AE37-1591204B8236}.Debug|x64.ActiveCfg = Debug|x64
		{96830B9D-C717-3805-AE37-1591204B8236}.Release|x64.ActiveCfg = Release|x64
		{96830B9D-C717-3805-AE37-1591204B8236}.MinSizeRel|x64.ActiveCfg = MinSizeRel|x64
		{96830B9D-C717-3805-AE37-1591204B8236}.RelWithDebInfo|x64.ActiveCfg = RelWithDebInfo|x64
		{0732579D-3970-3DFD-A7B8-BA8220CF3B73}.Debug|x64.ActiveCfg = Debug|x64
		{0732579D-3970-3DFD-A7B8-BA8220CF3B73}.Debug|x64.Build.0 = Debug|x64
		{0732579D-3970-3DFD-A7B8-BA8220CF3B73}.Release|x64.ActiveCfg = Release|x64
		{0732579D-3970-3DFD-A7B8-BA8220CF3B73}.Release|x64.Build.0 = Release|x64
		{0732579D-3970-3DFD-A7B8-BA8220CF3B73}.MinSizeRel|x64.ActiveCfg = MinSizeRel|x64
		{0732579D-3970-3DFD-A7B8-BA8220CF3B73}.MinSizeRel|x64.Build.0 = MinSizeRel|x64
		{0732579D-3970-3DFD-A7B8-BA8220CF3B73}.RelWithDebInfo|x64.ActiveCfg = RelWithDebInfo|x64
		{0732579D-3970-3DFD-A7B8-BA8220CF3B73}.RelWithDebInfo|x64.Build.0 = RelWithDebInfo|x64
		{11F4C197-2309-36E9-917D-56222AD5D965}.Debug|x64.ActiveCfg = Debug|x64
		{11F4C197-2309-36E9-917D-56222AD5D965}.Debug|x64.Build.0 = Debug|x64
		{11F4C197-2309-36E9-917D-56222AD5D965}.Release|x64.ActiveCfg = Release|x64
		{11F4C197-2309-36E9-917D-56222AD5D965}.Release|x64.Build.0 = Release|x64
		{11F4C197-2309-36E9-917D-56222AD5D965}.MinSizeRel|x64.ActiveCfg = MinSizeRel|x64
		{11F4C197-2309-36E9-917D-56222AD5D965}.MinSizeRel|x64.Build.0 = MinSizeRel|x64
		{11F4C197-2309-36E9-917D-56222AD5D965}.RelWithDebInfo|x64.ActiveCfg = RelWithDebInfo|x64
		{11F4C197-2309-36E9-917D-56222AD5D965}.RelWithDebInfo|x64.Build.0 = RelWithDebInfo|x64
		{533F0ABD-53A6-3A7E-A637-59BD2F6436A2}.Debug|x64.ActiveCfg = Debug|x64
		{533F0ABD-53A6-3A7E-A637-59BD2F6436A2}.Debug|x64.Build.0 = Debug|x64
		{533F0ABD-53A6-3A7E-A637-59BD2F6436A2}.Release|x64.ActiveCfg = Release|x64
		{533F0ABD-53A6-3A7E-A637-59BD2F6436A2}.Release|x64.Build.0 = Release|x64
		{533F0ABD-53A6-3A7E-A637-59BD2F6436A2}.MinSizeRel|x64.ActiveCfg = MinSizeRel|x64
		{533F0ABD-53A6-3A7E-A637-59BD2F6436A2}.MinSizeRel|x64.Build.0 = MinSizeRel|x64
		{533F0ABD-53A6-3A7E-A637-59BD2F6436A2}.RelWithDebInfo|x64.ActiveCfg = RelWithDebInfo|x64
		{533F0ABD-53A6-3A7E-A637-59BD2F6436A2}.RelWithDebInfo|x64.Build.0 = RelWithDebInfo|x64
	EndGlobalSection
	GlobalSection(ExtensibilityGlobals) = postSolution
		SolutionGuid = {F21582AD-012E-3974-BE7D-16A7CC5923B4}
	EndGlobalSection
	GlobalSection(ExtensibilityAddIns) = postSolution
	EndGlobalSection
EndGlobal
