
Microsoft Visual Studio Solution File, Format Version 12.00
# Visual Studio Version 16
Project("{8BC9CEB8-8B4A-11D0-8D11-00A0C91BC942}") = "ALL_BUILD", "ALL_BUILD.vcxproj", "{F681408A-25D3-3361-8510-315E628F02C8}"
	ProjectSection(ProjectDependencies) = postProject
		{FFA37F8C-AF78-3051-A20C-ED3F4B3C0D94} = {FFA37F8C-AF78-3051-A20C-ED3F4B3C0D94}
		{1B78B134-3A5E-3266-B2C4-747C33F865D1} = {1B78B134-3A5E-3266-B2C4-747C33F865D1}
		{52592867-DEAC-30D3-9320-61D858EE9645} = {52592867-DEAC-30D3-9320-61D858EE9645}
		{60FBFE3E-2350-32C0-A323-9EF67FFE6812} = {60FBFE3E-2350-32C0-A323-9EF67FFE6812}
		{DEF1EA89-D5EB-3311-B95D-890503C06D0D} = {DEF1EA89-D5EB-3311-B95D-890503C06D0D}
	EndProjectSection
EndProject
Project("{8BC9CEB8-8B4A-11D0-8D11-00A0C91BC942}") = "INSTALL", "INSTALL.vcxproj", "{3F63843C-6BC7-376C-8603-2AFAD7AD5851}"
	ProjectSection(ProjectDependencies) = postProject
		{F681408A-25D3-3361-8510-315E628F02C8} = {F681408A-25D3-3361-8510-315E628F02C8}
		{DEF1EA89-D5EB-3311-B95D-890503C06D0D} = {DEF1EA89-D5EB-3311-B95D-890503C06D0D}
	EndProjectSection
EndProject
Project("{8BC9CEB8-8B4A-11D0-8D11-00A0C91BC942}") = "MakeTable", "MathFunctions\MakeTable.vcxproj", "{FFA37F8C-AF78-3051-A20C-ED3F4B3C0D94}"
	ProjectSection(ProjectDependencies) = postProject
		{DEF1EA89-D5EB-3311-B95D-890503C06D0D} = {DEF1EA89-D5EB-3311-B95D-890503C06D0D}
	EndProjectSection
EndProject
Project("{8BC9CEB8-8B4A-11D0-8D11-00A0C91BC942}") = "MathFunctions", "MathFunctions\MathFunctions.vcxproj", "{1B78B134-3A5E-3266-B2C4-747C33F865D1}"
	ProjectSection(ProjectDependencies) = postProject
		{52592867-DEAC-30D3-9320-61D858EE9645} = {52592867-DEAC-30D3-9320-61D858EE9645}
		{DEF1EA89-D5EB-3311-B95D-890503C06D0D} = {DEF1EA89-D5EB-3311-B95D-890503C06D0D}
	EndProjectSection
EndProject
Project("{8BC9CEB8-8B4A-11D0-8D11-00A0C91BC942}") = "PACKAGE", "PACKAGE.vcxproj", "{B4CD6434-25B1-3838-9012-3ECD30948672}"
	ProjectSection(ProjectDependencies) = postProject
		{F681408A-25D3-3361-8510-315E628F02C8} = {F681408A-25D3-3361-8510-315E628F02C8}
		{DEF1EA89-D5EB-3311-B95D-890503C06D0D} = {DEF1EA89-D5EB-3311-B95D-890503C06D0D}
	EndProjectSection
EndProject
Project("{8BC9CEB8-8B4A-11D0-8D11-00A0C91BC942}") = "RUN_TESTS", "RUN_TESTS.vcxproj", "{EBECAB02-6FCC-3CEC-A187-D345AC8DDF9C}"
	ProjectSection(ProjectDependencies) = postProject
		{DEF1EA89-D5EB-3311-B95D-890503C06D0D} = {DEF1EA89-D5EB-3311-B95D-890503C06D0D}
	EndProjectSection
EndProject
Project("{8BC9CEB8-8B4A-11D0-8D11-00A0C91BC942}") = "SqrtLibrary", "MathFunctions\SqrtLibrary.vcxproj", "{52592867-DEAC-30D3-9320-61D858EE9645}"
	ProjectSection(ProjectDependencies) = postProject
		{FFA37F8C-AF78-3051-A20C-ED3F4B3C0D94} = {FFA37F8C-AF78-3051-A20C-ED3F4B3C0D94}
		{DEF1EA89-D5EB-3311-B95D-890503C06D0D} = {DEF1EA89-D5EB-3311-B95D-890503C06D0D}
	EndProjectSection
EndProject
Project("{8BC9CEB8-8B4A-11D0-8D11-00A0C91BC942}") = "Tutorial", "Tutorial.vcxproj", "{60FBFE3E-2350-32C0-A323-9EF67FFE6812}"
	ProjectSection(ProjectDependencies) = postProject
		{1B78B134-3A5E-3266-B2C4-747C33F865D1} = {1B78B134-3A5E-3266-B2C4-747C33F865D1}
		{DEF1EA89-D5EB-3311-B95D-890503C06D0D} = {DEF1EA89-D5EB-3311-B95D-890503C06D0D}
	EndProjectSection
EndProject
Project("{8BC9CEB8-8B4A-11D0-8D11-00A0C91BC942}") = "ZERO_CHECK", "ZERO_CHECK.vcxproj", "{DEF1EA89-D5EB-3311-B95D-890503C06D0D}"
	ProjectSection(ProjectDependencies) = postProject
	EndProjectSection
EndProject
Global
	GlobalSection(SolutionConfigurationPlatforms) = preSolution
		Debug|x64 = Debug|x64
		Release|x64 = Release|x64
		MinSizeRel|x64 = MinSizeRel|x64
		RelWithDebInfo|x64 = RelWithDebInfo|x64
	EndGlobalSection
	GlobalSection(ProjectConfigurationPlatforms) = postSolution
		{F681408A-25D3-3361-8510-315E628F02C8}.Debug|x64.ActiveCfg = Debug|x64
		{F681408A-25D3-3361-8510-315E628F02C8}.Debug|x64.Build.0 = Debug|x64
		{F681408A-25D3-3361-8510-315E628F02C8}.Release|x64.ActiveCfg = Release|x64
		{F681408A-25D3-3361-8510-315E628F02C8}.Release|x64.Build.0 = Release|x64
		{F681408A-25D3-3361-8510-315E628F02C8}.MinSizeRel|x64.ActiveCfg = MinSizeRel|x64
		{F681408A-25D3-3361-8510-315E628F02C8}.MinSizeRel|x64.Build.0 = MinSizeRel|x64
		{F681408A-25D3-3361-8510-315E628F02C8}.RelWithDebInfo|x64.ActiveCfg = RelWithDebInfo|x64
		{F681408A-25D3-3361-8510-315E628F02C8}.RelWithDebInfo|x64.Build.0 = RelWithDebInfo|x64
		{3F63843C-6BC7-376C-8603-2AFAD7AD5851}.Debug|x64.ActiveCfg = Debug|x64
		{3F63843C-6BC7-376C-8603-2AFAD7AD5851}.Release|x64.ActiveCfg = Release|x64
		{3F63843C-6BC7-376C-8603-2AFAD7AD5851}.MinSizeRel|x64.ActiveCfg = MinSizeRel|x64
		{3F63843C-6BC7-376C-8603-2AFAD7AD5851}.RelWithDebInfo|x64.ActiveCfg = RelWithDebInfo|x64
		{FFA37F8C-AF78-3051-A20C-ED3F4B3C0D94}.Debug|x64.ActiveCfg = Debug|x64
		{FFA37F8C-AF78-3051-A20C-ED3F4B3C0D94}.Debug|x64.Build.0 = Debug|x64
		{FFA37F8C-AF78-3051-A20C-ED3F4B3C0D94}.Release|x64.ActiveCfg = Release|x64
		{FFA37F8C-AF78-3051-A20C-ED3F4B3C0D94}.Release|x64.Build.0 = Release|x64
		{FFA37F8C-AF78-3051-A20C-ED3F4B3C0D94}.MinSizeRel|x64.ActiveCfg = MinSizeRel|x64
		{FFA37F8C-AF78-3051-A20C-ED3F4B3C0D94}.MinSizeRel|x64.Build.0 = MinSizeRel|x64
		{FFA37F8C-AF78-3051-A20C-ED3F4B3C0D94}.RelWithDebInfo|x64.ActiveCfg = RelWithDebInfo|x64
		{FFA37F8C-AF78-3051-A20C-ED3F4B3C0D94}.RelWithDebInfo|x64.Build.0 = RelWithDebInfo|x64
		{1B78B134-3A5E-3266-B2C4-747C33F865D1}.Debug|x64.ActiveCfg = Debug|x64
		{1B78B134-3A5E-3266-B2C4-747C33F865D1}.Debug|x64.Build.0 = Debug|x64
		{1B78B134-3A5E-3266-B2C4-747C33F865D1}.Release|x64.ActiveCfg = Release|x64
		{1B78B134-3A5E-3266-B2C4-747C33F865D1}.Release|x64.Build.0 = Release|x64
		{1B78B134-3A5E-3266-B2C4-747C33F865D1}.MinSizeRel|x64.ActiveCfg = MinSizeRel|x64
		{1B78B134-3A5E-3266-B2C4-747C33F865D1}.MinSizeRel|x64.Build.0 = MinSizeRel|x64
		{1B78B134-3A5E-3266-B2C4-747C33F865D1}.RelWithDebInfo|x64.ActiveCfg = RelWithDebInfo|x64
		{1B78B134-3A5E-3266-B2C4-747C33F865D1}.RelWithDebInfo|x64.Build.0 = RelWithDebInfo|x64
		{B4CD6434-25B1-3838-9012-3ECD30948672}.Debug|x64.ActiveCfg = Debug|x64
		{B4CD6434-25B1-3838-9012-3ECD30948672}.Release|x64.ActiveCfg = Release|x64
		{B4CD6434-25B1-3838-9012-3ECD30948672}.MinSizeRel|x64.ActiveCfg = MinSizeRel|x64
		{B4CD6434-25B1-3838-9012-3ECD30948672}.RelWithDebInfo|x64.ActiveCfg = RelWithDebInfo|x64
		{EBECAB02-6FCC-3CEC-A187-D345AC8DDF9C}.Debug|x64.ActiveCfg = Debug|x64
		{EBECAB02-6FCC-3CEC-A187-D345AC8DDF9C}.Release|x64.ActiveCfg = Release|x64
		{EBECAB02-6FCC-3CEC-A187-D345AC8DDF9C}.MinSizeRel|x64.ActiveCfg = MinSizeRel|x64
		{EBECAB02-6FCC-3CEC-A187-D345AC8DDF9C}.RelWithDebInfo|x64.ActiveCfg = RelWithDebInfo|x64
		{52592867-DEAC-30D3-9320-61D858EE9645}.Debug|x64.ActiveCfg = Debug|x64
		{52592867-DEAC-30D3-9320-61D858EE9645}.Debug|x64.Build.0 = Debug|x64
		{52592867-DEAC-30D3-9320-61D858EE9645}.Release|x64.ActiveCfg = Release|x64
		{52592867-DEAC-30D3-9320-61D858EE9645}.Release|x64.Build.0 = Release|x64
		{52592867-DEAC-30D3-9320-61D858EE9645}.MinSizeRel|x64.ActiveCfg = MinSizeRel|x64
		{52592867-DEAC-30D3-9320-61D858EE9645}.MinSizeRel|x64.Build.0 = MinSizeRel|x64
		{52592867-DEAC-30D3-9320-61D858EE9645}.RelWithDebInfo|x64.ActiveCfg = RelWithDebInfo|x64
		{52592867-DEAC-30D3-9320-61D858EE9645}.RelWithDebInfo|x64.Build.0 = RelWithDebInfo|x64
		{60FBFE3E-2350-32C0-A323-9EF67FFE6812}.Debug|x64.ActiveCfg = Debug|x64
		{60FBFE3E-2350-32C0-A323-9EF67FFE6812}.Debug|x64.Build.0 = Debug|x64
		{60FBFE3E-2350-32C0-A323-9EF67FFE6812}.Release|x64.ActiveCfg = Release|x64
		{60FBFE3E-2350-32C0-A323-9EF67FFE6812}.Release|x64.Build.0 = Release|x64
		{60FBFE3E-2350-32C0-A323-9EF67FFE6812}.MinSizeRel|x64.ActiveCfg = MinSizeRel|x64
		{60FBFE3E-2350-32C0-A323-9EF67FFE6812}.MinSizeRel|x64.Build.0 = MinSizeRel|x64
		{60FBFE3E-2350-32C0-A323-9EF67FFE6812}.RelWithDebInfo|x64.ActiveCfg = RelWithDebInfo|x64
		{60FBFE3E-2350-32C0-A323-9EF67FFE6812}.RelWithDebInfo|x64.Build.0 = RelWithDebInfo|x64
		{DEF1EA89-D5EB-3311-B95D-890503C06D0D}.Debug|x64.ActiveCfg = Debug|x64
		{DEF1EA89-D5EB-3311-B95D-890503C06D0D}.Debug|x64.Build.0 = Debug|x64
		{DEF1EA89-D5EB-3311-B95D-890503C06D0D}.Release|x64.ActiveCfg = Release|x64
		{DEF1EA89-D5EB-3311-B95D-890503C06D0D}.Release|x64.Build.0 = Release|x64
		{DEF1EA89-D5EB-3311-B95D-890503C06D0D}.MinSizeRel|x64.ActiveCfg = MinSizeRel|x64
		{DEF1EA89-D5EB-3311-B95D-890503C06D0D}.MinSizeRel|x64.Build.0 = MinSizeRel|x64
		{DEF1EA89-D5EB-3311-B95D-890503C06D0D}.RelWithDebInfo|x64.ActiveCfg = RelWithDebInfo|x64
		{DEF1EA89-D5EB-3311-B95D-890503C06D0D}.RelWithDebInfo|x64.Build.0 = RelWithDebInfo|x64
	EndGlobalSection
	GlobalSection(ExtensibilityGlobals) = postSolution
		SolutionGuid = {65AF1F79-F474-3974-BCE9-28E40676219B}
	EndGlobalSection
	GlobalSection(ExtensibilityAddIns) = postSolution
	EndGlobalSection
EndGlobal
