<?xml version="1.0" encoding="utf-8"?>
<Project ToolsVersion="16.0" xmlns="http://schemas.microsoft.com/developer/msbuild/2003">
  <ItemGroup>
    <ClCompile Include="C:\Users\admin\Desktop\cpp-Basics\cmake_tutorial\Step7\MathFunctions\mysqrt.cxx">
      <Filter>Source Files</Filter>
    </ClCompile>
  </ItemGroup>
  <ItemGroup>
    <ClInclude Include="C:\Users\admin\Desktop\cpp-Basics\cmake_tutorial\Step7_build\MathFunctions\Table.h">
      <Filter>Header Files</Filter>
    </ClInclude>
  </ItemGroup>
  <ItemGroup>
    <CustomBuild Include="C:\Users\admin\Desktop\cpp-Basics\cmake_tutorial\Step7_build\CMakeFiles\8449575bcbfa65918981be911c20f7dc\Table.h.rule">
      <Filter>CMake Rules</Filter>
    </CustomBuild>
    <CustomBuild Include="C:\Users\admin\Desktop\cpp-Basics\cmake_tutorial\Step7\MathFunctions\CMakeLists.txt" />
  </ItemGroup>
  <ItemGroup>
    <Filter Include="CMake Rules">
      <UniqueIdentifier>{EBD28152-B6C9-35C1-A94B-8527E17C01D3}</UniqueIdentifier>
    </Filter>
    <Filter Include="Header Files">
      <UniqueIdentifier>{0E5EB450-E6DA-3759-BFEE-98962F162FEA}</UniqueIdentifier>
    </Filter>
    <Filter Include="Source Files">
      <UniqueIdentifier>{00551D24-3593-35D9-9BBC-5A0748849B01}</UniqueIdentifier>
    </Filter>
  </ItemGroup>
</Project>
