
Microsoft Visual Studio Solution File, Format Version 12.00
# Visual Studio Version 16
Project("{8BC9CEB8-8B4A-11D0-8D11-00A0C91BC942}") = "ALL_BUILD", "ALL_BUILD.vcxproj", "{BBB9B9DF-3B33-3DC5-AF07-7BF63CD720D9}"
	ProjectSection(ProjectDependencies) = postProject
		{25524537-2404-39D5-A3C6-3F7F9FBF79FE} = {25524537-2404-39D5-A3C6-3F7F9FBF79FE}
		{6BA87FB1-7D18-3EF6-B837-7FF4A7D9C4CC} = {6BA87FB1-7D18-3EF6-B837-7FF4A7D9C4CC}
		{88984176-6E47-35B0-AB07-23FD41183A45} = {88984176-6E47-35B0-AB07-23FD41183A45}
	EndProjectSection
EndProject
Project("{8BC9CEB8-8B4A-11D0-8D11-00A0C91BC942}") = "INSTALL", "INSTALL.vcxproj", "{FE04973B-2595-37FA-8419-F56400FE857F}"
	ProjectSection(ProjectDependencies) = postProject
		{BBB9B9DF-3B33-3DC5-AF07-7BF63CD720D9} = {BBB9B9DF-3B33-3DC5-AF07-7BF63CD720D9}
		{88984176-6E47-35B0-AB07-23FD41183A45} = {88984176-6E47-35B0-AB07-23FD41183A45}
	EndProjectSection
EndProject
Project("{8BC9CEB8-8B4A-11D0-8D11-00A0C91BC942}") = "MathFunctions", "MathFunctions\MathFunctions.vcxproj", "{25524537-2404-39D5-A3C6-3F7F9FBF79FE}"
	ProjectSection(ProjectDependencies) = postProject
		{88984176-6E47-35B0-AB07-23FD41183A45} = {88984176-6E47-35B0-AB07-23FD41183A45}
	EndProjectSection
EndProject
Project("{8BC9CEB8-8B4A-11D0-8D11-00A0C91BC942}") = "RUN_TESTS", "RUN_TESTS.vcxproj", "{8EE4B39D-0A83-318D-A338-8BAE9F217203}"
	ProjectSection(ProjectDependencies) = postProject
		{88984176-6E47-35B0-AB07-23FD41183A45} = {88984176-6E47-35B0-AB07-23FD41183A45}
	EndProjectSection
EndProject
Project("{8BC9CEB8-8B4A-11D0-8D11-00A0C91BC942}") = "Tutorial", "Tutorial.vcxproj", "{6BA87FB1-7D18-3EF6-B837-7FF4A7D9C4CC}"
	ProjectSection(ProjectDependencies) = postProject
		{25524537-2404-39D5-A3C6-3F7F9FBF79FE} = {25524537-2404-39D5-A3C6-3F7F9FBF79FE}
		{88984176-6E47-35B0-AB07-23FD41183A45} = {88984176-6E47-35B0-AB07-23FD41183A45}
	EndProjectSection
EndProject
Project("{8BC9CEB8-8B4A-11D0-8D11-00A0C91BC942}") = "ZERO_CHECK", "ZERO_CHECK.vcxproj", "{88984176-6E47-35B0-AB07-23FD41183A45}"
	ProjectSection(ProjectDependencies) = postProject
	EndProjectSection
EndProject
Global
	GlobalSection(SolutionConfigurationPlatforms) = preSolution
		Debug|x64 = Debug|x64
		Release|x64 = Release|x64
		MinSizeRel|x64 = MinSizeRel|x64
		RelWithDebInfo|x64 = RelWithDebInfo|x64
	EndGlobalSection
	GlobalSection(ProjectConfigurationPlatforms) = postSolution
		{BBB9B9DF-3B33-3DC5-AF07-7BF63CD720D9}.Debug|x64.ActiveCfg = Debug|x64
		{BBB9B9DF-3B33-3DC5-AF07-7BF63CD720D9}.Debug|x64.Build.0 = Debug|x64
		{BBB9B9DF-3B33-3DC5-AF07-7BF63CD720D9}.Release|x64.ActiveCfg = Release|x64
		{BBB9B9DF-3B33-3DC5-AF07-7BF63CD720D9}.Release|x64.Build.0 = Release|x64
		{BBB9B9DF-3B33-3DC5-AF07-7BF63CD720D9}.MinSizeRel|x64.ActiveCfg = MinSizeRel|x64
		{BBB9B9DF-3B33-3DC5-AF07-7BF63CD720D9}.MinSizeRel|x64.Build.0 = MinSizeRel|x64
		{BBB9B9DF-3B33-3DC5-AF07-7BF63CD720D9}.RelWithDebInfo|x64.ActiveCfg = RelWithDebInfo|x64
		{BBB9B9DF-3B33-3DC5-AF07-7BF63CD720D9}.RelWithDebInfo|x64.Build.0 = RelWithDebInfo|x64
		{FE04973B-2595-37FA-8419-F56400FE857F}.Debug|x64.ActiveCfg = Debug|x64
		{FE04973B-2595-37FA-8419-F56400FE857F}.Release|x64.ActiveCfg = Release|x64
		{FE04973B-2595-37FA-8419-F56400FE857F}.MinSizeRel|x64.ActiveCfg = MinSizeRel|x64
		{FE04973B-2595-37FA-8419-F56400FE857F}.RelWithDebInfo|x64.ActiveCfg = RelWithDebInfo|x64
		{25524537-2404-39D5-A3C6-3F7F9FBF79FE}.Debug|x64.ActiveCfg = Debug|x64
		{25524537-2404-39D5-A3C6-3F7F9FBF79FE}.Debug|x64.Build.0 = Debug|x64
		{25524537-2404-39D5-A3C6-3F7F9FBF79FE}.Release|x64.ActiveCfg = Release|x64
		{25524537-2404-39D5-A3C6-3F7F9FBF79FE}.Release|x64.Build.0 = Release|x64
		{25524537-2404-39D5-A3C6-3F7F9FBF79FE}.MinSizeRel|x64.ActiveCfg = MinSizeRel|x64
		{25524537-2404-39D5-A3C6-3F7F9FBF79FE}.MinSizeRel|x64.Build.0 = MinSizeRel|x64
		{25524537-2404-39D5-A3C6-3F7F9FBF79FE}.RelWithDebInfo|x64.ActiveCfg = RelWithDebInfo|x64
		{25524537-2404-39D5-A3C6-3F7F9FBF79FE}.RelWithDebInfo|x64.Build.0 = RelWithDebInfo|x64
		{8EE4B39D-0A83-318D-A338-8BAE9F217203}.Debug|x64.ActiveCfg = Debug|x64
		{8EE4B39D-0A83-318D-A338-8BAE9F217203}.Release|x64.ActiveCfg = Release|x64
		{8EE4B39D-0A83-318D-A338-8BAE9F217203}.MinSizeRel|x64.ActiveCfg = MinSizeRel|x64
		{8EE4B39D-0A83-318D-A338-8BAE9F217203}.RelWithDebInfo|x64.ActiveCfg = RelWithDebInfo|x64
		{6BA87FB1-7D18-3EF6-B837-7FF4A7D9C4CC}.Debug|x64.ActiveCfg = Debug|x64
		{6BA87FB1-7D18-3EF6-B837-7FF4A7D9C4CC}.Debug|x64.Build.0 = Debug|x64
		{6BA87FB1-7D18-3EF6-B837-7FF4A7D9C4CC}.Release|x64.ActiveCfg = Release|x64
		{6BA87FB1-7D18-3EF6-B837-7FF4A7D9C4CC}.Release|x64.Build.0 = Release|x64
		{6BA87FB1-7D18-3EF6-B837-7FF4A7D9C4CC}.MinSizeRel|x64.ActiveCfg = MinSizeRel|x64
		{6BA87FB1-7D18-3EF6-B837-7FF4A7D9C4CC}.MinSizeRel|x64.Build.0 = MinSizeRel|x64
		{6BA87FB1-7D18-3EF6-B837-7FF4A7D9C4CC}.RelWithDebInfo|x64.ActiveCfg = RelWithDebInfo|x64
		{6BA87FB1-7D18-3EF6-B837-7FF4A7D9C4CC}.RelWithDebInfo|x64.Build.0 = RelWithDebInfo|x64
		{88984176-6E47-35B0-AB07-23FD41183A45}.Debug|x64.ActiveCfg = Debug|x64
		{88984176-6E47-35B0-AB07-23FD41183A45}.Debug|x64.Build.0 = Debug|x64
		{88984176-6E47-35B0-AB07-23FD41183A45}.Release|x64.ActiveCfg = Release|x64
		{88984176-6E47-35B0-AB07-23FD41183A45}.Release|x64.Build.0 = Release|x64
		{88984176-6E47-35B0-AB07-23FD41183A45}.MinSizeRel|x64.ActiveCfg = MinSizeRel|x64
		{88984176-6E47-35B0-AB07-23FD41183A45}.MinSizeRel|x64.Build.0 = MinSizeRel|x64
		{88984176-6E47-35B0-AB07-23FD41183A45}.RelWithDebInfo|x64.ActiveCfg = RelWithDebInfo|x64
		{88984176-6E47-35B0-AB07-23FD41183A45}.RelWithDebInfo|x64.Build.0 = RelWithDebInfo|x64
	EndGlobalSection
	GlobalSection(ExtensibilityGlobals) = postSolution
		SolutionGuid = {065E9255-FEAA-3E37-8A0A-6316B41EBB12}
	EndGlobalSection
	GlobalSection(ExtensibilityAddIns) = postSolution
	EndGlobalSection
EndGlobal
