<?xml version="1.0" encoding="utf-8"?>
<Project ToolsVersion="16.0" xmlns="http://schemas.microsoft.com/developer/msbuild/2003">
  <ItemGroup>
    <ClCompile Include="C:\Users\admin\Desktop\cpp-Basics\cmake_tutorial\Step9\MathFunctions\mysqrt.cxx">
      <Filter>Source Files</Filter>
    </ClCompile>
  </ItemGroup>
  <ItemGroup>
    <ClInclude Include="C:\Users\admin\Desktop\cpp-Basics\cmake_tutorial\Step9_build\MathFunctions\Table.h">
      <Filter>Header Files</Filter>
    </ClInclude>
  </ItemGroup>
  <ItemGroup>
    <CustomBuild Include="C:\Users\admin\Desktop\cpp-Basics\cmake_tutorial\Step9_build\CMakeFiles\2b9e42029f893f1cb3e00f4586d50dce\Table.h.rule">
      <Filter>CMake Rules</Filter>
    </CustomBuild>
    <CustomBuild Include="C:\Users\admin\Desktop\cpp-Basics\cmake_tutorial\Step9\MathFunctions\CMakeLists.txt" />
  </ItemGroup>
  <ItemGroup>
    <Filter Include="CMake Rules">
      <UniqueIdentifier>{A2B0FAE7-7B79-3115-8EA0-C17A9EB0CF0D}</UniqueIdentifier>
    </Filter>
    <Filter Include="Header Files">
      <UniqueIdentifier>{61F784CF-A788-35DC-A353-890C4A7FC88F}</UniqueIdentifier>
    </Filter>
    <Filter Include="Source Files">
      <UniqueIdentifier>{81A80695-A659-3D44-B71E-C79691F8140B}</UniqueIdentifier>
    </Filter>
  </ItemGroup>
</Project>
