
Microsoft Visual Studio Solution File, Format Version 12.00
# Visual Studio Version 16
Project("{8BC9CEB8-8B4A-11D0-8D11-00A0C91BC942}") = "ALL_BUILD", "ALL_BUILD.vcxproj", "{E1D217E6-EE15-3500-9C62-7A2DF8CD9A13}"
	ProjectSection(ProjectDependencies) = postProject
		{065275A2-9E41-3782-8D83-4BCFD4A31C4D} = {065275A2-9E41-3782-8D83-4BCFD4A31C4D}
		{F7E22803-A28C-3307-9369-C8E95B7E0713} = {F7E22803-A28C-3307-9369-C8E95B7E0713}
		{663704B6-CDB8-392F-A5ED-715C3D5074C7} = {663704B6-CDB8-392F-A5ED-715C3D5074C7}
		{F9EC7661-2227-3ED0-8E69-24E047AE9A68} = {F9EC7661-2227-3ED0-8E69-24E047AE9A68}
		{DA8AFAE1-5685-3B27-BDA1-ED989DCBA1D0} = {DA8AFAE1-5685-3B27-BDA1-ED989DCBA1D0}
	EndProjectSection
EndProject
Project("{8BC9CEB8-8B4A-11D0-8D11-00A0C91BC942}") = "INSTALL", "INSTALL.vcxproj", "{ADD5D31F-E6F8-31D2-86DA-FC88DCBC5AF9}"
	ProjectSection(ProjectDependencies) = postProject
		{E1D217E6-EE15-3500-9C62-7A2DF8CD9A13} = {E1D217E6-EE15-3500-9C62-7A2DF8CD9A13}
		{DA8AFAE1-5685-3B27-BDA1-ED989DCBA1D0} = {DA8AFAE1-5685-3B27-BDA1-ED989DCBA1D0}
	EndProjectSection
EndProject
Project("{8BC9CEB8-8B4A-11D0-8D11-00A0C91BC942}") = "MakeTable", "MathFunctions\MakeTable.vcxproj", "{065275A2-9E41-3782-8D83-4BCFD4A31C4D}"
	ProjectSection(ProjectDependencies) = postProject
		{DA8AFAE1-5685-3B27-BDA1-ED989DCBA1D0} = {DA8AFAE1-5685-3B27-BDA1-ED989DCBA1D0}
	EndProjectSection
EndProject
Project("{8BC9CEB8-8B4A-11D0-8D11-00A0C91BC942}") = "MathFunctions", "MathFunctions\MathFunctions.vcxproj", "{F7E22803-A28C-3307-9369-C8E95B7E0713}"
	ProjectSection(ProjectDependencies) = postProject
		{663704B6-CDB8-392F-A5ED-715C3D5074C7} = {663704B6-CDB8-392F-A5ED-715C3D5074C7}
		{DA8AFAE1-5685-3B27-BDA1-ED989DCBA1D0} = {DA8AFAE1-5685-3B27-BDA1-ED989DCBA1D0}
	EndProjectSection
EndProject
Project("{8BC9CEB8-8B4A-11D0-8D11-00A0C91BC942}") = "PACKAGE", "PACKAGE.vcxproj", "{D4F95CE2-284A-3D96-B431-54A8FB6105B0}"
	ProjectSection(ProjectDependencies) = postProject
		{E1D217E6-EE15-3500-9C62-7A2DF8CD9A13} = {E1D217E6-EE15-3500-9C62-7A2DF8CD9A13}
		{DA8AFAE1-5685-3B27-BDA1-ED989DCBA1D0} = {DA8AFAE1-5685-3B27-BDA1-ED989DCBA1D0}
	EndProjectSection
EndProject
Project("{8BC9CEB8-8B4A-11D0-8D11-00A0C91BC942}") = "RUN_TESTS", "RUN_TESTS.vcxproj", "{AB4F4BBF-101D-35A0-A82E-EF4B1DE6AD20}"
	ProjectSection(ProjectDependencies) = postProject
		{DA8AFAE1-5685-3B27-BDA1-ED989DCBA1D0} = {DA8AFAE1-5685-3B27-BDA1-ED989DCBA1D0}
	EndProjectSection
EndProject
Project("{8BC9CEB8-8B4A-11D0-8D11-00A0C91BC942}") = "SqrtLibrary", "MathFunctions\SqrtLibrary.vcxproj", "{663704B6-CDB8-392F-A5ED-715C3D5074C7}"
	ProjectSection(ProjectDependencies) = postProject
		{065275A2-9E41-3782-8D83-4BCFD4A31C4D} = {065275A2-9E41-3782-8D83-4BCFD4A31C4D}
		{DA8AFAE1-5685-3B27-BDA1-ED989DCBA1D0} = {DA8AFAE1-5685-3B27-BDA1-ED989DCBA1D0}
	EndProjectSection
EndProject
Project("{8BC9CEB8-8B4A-11D0-8D11-00A0C91BC942}") = "Tutorial", "Tutorial.vcxproj", "{F9EC7661-2227-3ED0-8E69-24E047AE9A68}"
	ProjectSection(ProjectDependencies) = postProject
		{F7E22803-A28C-3307-9369-C8E95B7E0713} = {F7E22803-A28C-3307-9369-C8E95B7E0713}
		{DA8AFAE1-5685-3B27-BDA1-ED989DCBA1D0} = {DA8AFAE1-5685-3B27-BDA1-ED989DCBA1D0}
	EndProjectSection
EndProject
Project("{8BC9CEB8-8B4A-11D0-8D11-00A0C91BC942}") = "ZERO_CHECK", "ZERO_CHECK.vcxproj", "{DA8AFAE1-5685-3B27-BDA1-ED989DCBA1D0}"
	ProjectSection(ProjectDependencies) = postProject
	EndProjectSection
EndProject
Global
	GlobalSection(SolutionConfigurationPlatforms) = preSolution
		Debug|x64 = Debug|x64
		Release|x64 = Release|x64
		MinSizeRel|x64 = MinSizeRel|x64
		RelWithDebInfo|x64 = RelWithDebInfo|x64
	EndGlobalSection
	GlobalSection(ProjectConfigurationPlatforms) = postSolution
		{E1D217E6-EE15-3500-9C62-7A2DF8CD9A13}.Debug|x64.ActiveCfg = Debug|x64
		{E1D217E6-EE15-3500-9C62-7A2DF8CD9A13}.Debug|x64.Build.0 = Debug|x64
		{E1D217E6-EE15-3500-9C62-7A2DF8CD9A13}.Release|x64.ActiveCfg = Release|x64
		{E1D217E6-EE15-3500-9C62-7A2DF8CD9A13}.Release|x64.Build.0 = Release|x64
		{E1D217E6-EE15-3500-9C62-7A2DF8CD9A13}.MinSizeRel|x64.ActiveCfg = MinSizeRel|x64
		{E1D217E6-EE15-3500-9C62-7A2DF8CD9A13}.MinSizeRel|x64.Build.0 = MinSizeRel|x64
		{E1D217E6-EE15-3500-9C62-7A2DF8CD9A13}.RelWithDebInfo|x64.ActiveCfg = RelWithDebInfo|x64
		{E1D217E6-EE15-3500-9C62-7A2DF8CD9A13}.RelWithDebInfo|x64.Build.0 = RelWithDebInfo|x64
		{ADD5D31F-E6F8-31D2-86DA-FC88DCBC5AF9}.Debug|x64.ActiveCfg = Debug|x64
		{ADD5D31F-E6F8-31D2-86DA-FC88DCBC5AF9}.Release|x64.ActiveCfg = Release|x64
		{ADD5D31F-E6F8-31D2-86DA-FC88DCBC5AF9}.MinSizeRel|x64.ActiveCfg = MinSizeRel|x64
		{ADD5D31F-E6F8-31D2-86DA-FC88DCBC5AF9}.RelWithDebInfo|x64.ActiveCfg = RelWithDebInfo|x64
		{065275A2-9E41-3782-8D83-4BCFD4A31C4D}.Debug|x64.ActiveCfg = Debug|x64
		{065275A2-9E41-3782-8D83-4BCFD4A31C4D}.Debug|x64.Build.0 = Debug|x64
		{065275A2-9E41-3782-8D83-4BCFD4A31C4D}.Release|x64.ActiveCfg = Release|x64
		{065275A2-9E41-3782-8D83-4BCFD4A31C4D}.Release|x64.Build.0 = Release|x64
		{065275A2-9E41-3782-8D83-4BCFD4A31C4D}.MinSizeRel|x64.ActiveCfg = MinSizeRel|x64
		{065275A2-9E41-3782-8D83-4BCFD4A31C4D}.MinSizeRel|x64.Build.0 = MinSizeRel|x64
		{065275A2-9E41-3782-8D83-4BCFD4A31C4D}.RelWithDebInfo|x64.ActiveCfg = RelWithDebInfo|x64
		{065275A2-9E41-3782-8D83-4BCFD4A31C4D}.RelWithDebInfo|x64.Build.0 = RelWithDebInfo|x64
		{F7E22803-A28C-3307-9369-C8E95B7E0713}.Debug|x64.ActiveCfg = Debug|x64
		{F7E22803-A28C-3307-9369-C8E95B7E0713}.Debug|x64.Build.0 = Debug|x64
		{F7E22803-A28C-3307-9369-C8E95B7E0713}.Release|x64.ActiveCfg = Release|x64
		{F7E22803-A28C-3307-9369-C8E95B7E0713}.Release|x64.Build.0 = Release|x64
		{F7E22803-A28C-3307-9369-C8E95B7E0713}.MinSizeRel|x64.ActiveCfg = MinSizeRel|x64
		{F7E22803-A28C-3307-9369-C8E95B7E0713}.MinSizeRel|x64.Build.0 = MinSizeRel|x64
		{F7E22803-A28C-3307-9369-C8E95B7E0713}.RelWithDebInfo|x64.ActiveCfg = RelWithDebInfo|x64
		{F7E22803-A28C-3307-9369-C8E95B7E0713}.RelWithDebInfo|x64.Build.0 = RelWithDebInfo|x64
		{D4F95CE2-284A-3D96-B431-54A8FB6105B0}.Debug|x64.ActiveCfg = Debug|x64
		{D4F95CE2-284A-3D96-B431-54A8FB6105B0}.Release|x64.ActiveCfg = Release|x64
		{D4F95CE2-284A-3D96-B431-54A8FB6105B0}.MinSizeRel|x64.ActiveCfg = MinSizeRel|x64
		{D4F95CE2-284A-3D96-B431-54A8FB6105B0}.RelWithDebInfo|x64.ActiveCfg = RelWithDebInfo|x64
		{AB4F4BBF-101D-35A0-A82E-EF4B1DE6AD20}.Debug|x64.ActiveCfg = Debug|x64
		{AB4F4BBF-101D-35A0-A82E-EF4B1DE6AD20}.Release|x64.ActiveCfg = Release|x64
		{AB4F4BBF-101D-35A0-A82E-EF4B1DE6AD20}.MinSizeRel|x64.ActiveCfg = MinSizeRel|x64
		{AB4F4BBF-101D-35A0-A82E-EF4B1DE6AD20}.RelWithDebInfo|x64.ActiveCfg = RelWithDebInfo|x64
		{663704B6-CDB8-392F-A5ED-715C3D5074C7}.Debug|x64.ActiveCfg = Debug|x64
		{663704B6-CDB8-392F-A5ED-715C3D5074C7}.Debug|x64.Build.0 = Debug|x64
		{663704B6-CDB8-392F-A5ED-715C3D5074C7}.Release|x64.ActiveCfg = Release|x64
		{663704B6-CDB8-392F-A5ED-715C3D5074C7}.Release|x64.Build.0 = Release|x64
		{663704B6-CDB8-392F-A5ED-715C3D5074C7}.MinSizeRel|x64.ActiveCfg = MinSizeRel|x64
		{663704B6-CDB8-392F-A5ED-715C3D5074C7}.MinSizeRel|x64.Build.0 = MinSizeRel|x64
		{663704B6-CDB8-392F-A5ED-715C3D5074C7}.RelWithDebInfo|x64.ActiveCfg = RelWithDebInfo|x64
		{663704B6-CDB8-392F-A5ED-715C3D5074C7}.RelWithDebInfo|x64.Build.0 = RelWithDebInfo|x64
		{F9EC7661-2227-3ED0-8E69-24E047AE9A68}.Debug|x64.ActiveCfg = Debug|x64
		{F9EC7661-2227-3ED0-8E69-24E047AE9A68}.Debug|x64.Build.0 = Debug|x64
		{F9EC7661-2227-3ED0-8E69-24E047AE9A68}.Release|x64.ActiveCfg = Release|x64
		{F9EC7661-2227-3ED0-8E69-24E047AE9A68}.Release|x64.Build.0 = Release|x64
		{F9EC7661-2227-3ED0-8E69-24E047AE9A68}.MinSizeRel|x64.ActiveCfg = MinSizeRel|x64
		{F9EC7661-2227-3ED0-8E69-24E047AE9A68}.MinSizeRel|x64.Build.0 = MinSizeRel|x64
		{F9EC7661-2227-3ED0-8E69-24E047AE9A68}.RelWithDebInfo|x64.ActiveCfg = RelWithDebInfo|x64
		{F9EC7661-2227-3ED0-8E69-24E047AE9A68}.RelWithDebInfo|x64.Build.0 = RelWithDebInfo|x64
		{DA8AFAE1-5685-3B27-BDA1-ED989DCBA1D0}.Debug|x64.ActiveCfg = Debug|x64
		{DA8AFAE1-5685-3B27-BDA1-ED989DCBA1D0}.Debug|x64.Build.0 = Debug|x64
		{DA8AFAE1-5685-3B27-BDA1-ED989DCBA1D0}.Release|x64.ActiveCfg = Release|x64
		{DA8AFAE1-5685-3B27-BDA1-ED989DCBA1D0}.Release|x64.Build.0 = Release|x64
		{DA8AFAE1-5685-3B27-BDA1-ED989DCBA1D0}.MinSizeRel|x64.ActiveCfg = MinSizeRel|x64
		{DA8AFAE1-5685-3B27-BDA1-ED989DCBA1D0}.MinSizeRel|x64.Build.0 = MinSizeRel|x64
		{DA8AFAE1-5685-3B27-BDA1-ED989DCBA1D0}.RelWithDebInfo|x64.ActiveCfg = RelWithDebInfo|x64
		{DA8AFAE1-5685-3B27-BDA1-ED989DCBA1D0}.RelWithDebInfo|x64.Build.0 = RelWithDebInfo|x64
	EndGlobalSection
	GlobalSection(ExtensibilityGlobals) = postSolution
		SolutionGuid = {E4E74881-3434-3125-A9E6-C4584C4305C5}
	EndGlobalSection
	GlobalSection(ExtensibilityAddIns) = postSolution
	EndGlobalSection
EndGlobal
