
Microsoft Visual Studio Solution File, Format Version 12.00
# Visual Studio Version 16
Project("{8BC9CEB8-8B4A-11D0-8D11-00A0C91BC942}") = "ALL_BUILD", "ALL_BUILD.vcxproj", "{2AB9FE74-A921-3184-AD3A-65975021FDCB}"
	ProjectSection(ProjectDependencies) = postProject
		{99E615EB-C6F2-3D31-8BEA-9822763065DD} = {99E615EB-C6F2-3D31-8BEA-9822763065DD}
		{F8EFCB10-449D-36D7-A346-58A8EA00B4E8} = {F8EFCB10-449D-36D7-A346-58A8EA00B4E8}
		{A1BEE61F-B42E-39B8-B645-12A17943698C} = {A1BEE61F-B42E-39B8-B645-12A17943698C}
		{18335607-7183-316F-81E3-56EDCEA641BE} = {18335607-7183-316F-81E3-56EDCEA641BE}
	EndProjectSection
EndProject
Project("{8BC9CEB8-8B4A-11D0-8D11-00A0C91BC942}") = "Continuous", "Continuous.vcxproj", "{0F244D2E-EB6C-3576-815C-642E7CA87CF2}"
	ProjectSection(ProjectDependencies) = postProject
		{18335607-7183-316F-81E3-56EDCEA641BE} = {18335607-7183-316F-81E3-56EDCEA641BE}
	EndProjectSection
EndProject
Project("{8BC9CEB8-8B4A-11D0-8D11-00A0C91BC942}") = "Experimental", "Experimental.vcxproj", "{29A4FF5E-E1C0-3911-8767-55D7EE198232}"
	ProjectSection(ProjectDependencies) = postProject
		{18335607-7183-316F-81E3-56EDCEA641BE} = {18335607-7183-316F-81E3-56EDCEA641BE}
	EndProjectSection
EndProject
Project("{8BC9CEB8-8B4A-11D0-8D11-00A0C91BC942}") = "INSTALL", "INSTALL.vcxproj", "{CAF4EB9F-B8F4-3EA4-9DD6-EA7743A4682B}"
	ProjectSection(ProjectDependencies) = postProject
		{2AB9FE74-A921-3184-AD3A-65975021FDCB} = {2AB9FE74-A921-3184-AD3A-65975021FDCB}
		{18335607-7183-316F-81E3-56EDCEA641BE} = {18335607-7183-316F-81E3-56EDCEA641BE}
	EndProjectSection
EndProject
Project("{8BC9CEB8-8B4A-11D0-8D11-00A0C91BC942}") = "MakeTable", "MathFunctions\MakeTable.vcxproj", "{99E615EB-C6F2-3D31-8BEA-9822763065DD}"
	ProjectSection(ProjectDependencies) = postProject
		{18335607-7183-316F-81E3-56EDCEA641BE} = {18335607-7183-316F-81E3-56EDCEA641BE}
	EndProjectSection
EndProject
Project("{8BC9CEB8-8B4A-11D0-8D11-00A0C91BC942}") = "MathFunctions", "MathFunctions\MathFunctions.vcxproj", "{F8EFCB10-449D-36D7-A346-58A8EA00B4E8}"
	ProjectSection(ProjectDependencies) = postProject
		{99E615EB-C6F2-3D31-8BEA-9822763065DD} = {99E615EB-C6F2-3D31-8BEA-9822763065DD}
		{18335607-7183-316F-81E3-56EDCEA641BE} = {18335607-7183-316F-81E3-56EDCEA641BE}
	EndProjectSection
EndProject
Project("{8BC9CEB8-8B4A-11D0-8D11-00A0C91BC942}") = "Nightly", "Nightly.vcxproj", "{39879AF3-CB17-3F79-9894-0C2D60620148}"
	ProjectSection(ProjectDependencies) = postProject
		{18335607-7183-316F-81E3-56EDCEA641BE} = {18335607-7183-316F-81E3-56EDCEA641BE}
	EndProjectSection
EndProject
Project("{8BC9CEB8-8B4A-11D0-8D11-00A0C91BC942}") = "NightlyMemoryCheck", "NightlyMemoryCheck.vcxproj", "{DAB464BE-CC8E-38F3-ABE4-7FDFFFF0E690}"
	ProjectSection(ProjectDependencies) = postProject
		{18335607-7183-316F-81E3-56EDCEA641BE} = {18335607-7183-316F-81E3-56EDCEA641BE}
	EndProjectSection
EndProject
Project("{8BC9CEB8-8B4A-11D0-8D11-00A0C91BC942}") = "PACKAGE", "PACKAGE.vcxproj", "{25732E50-AC1D-355C-86EF-03D3591C22C8}"
	ProjectSection(ProjectDependencies) = postProject
		{2AB9FE74-A921-3184-AD3A-65975021FDCB} = {2AB9FE74-A921-3184-AD3A-65975021FDCB}
		{18335607-7183-316F-81E3-56EDCEA641BE} = {18335607-7183-316F-81E3-56EDCEA641BE}
	EndProjectSection
EndProject
Project("{8BC9CEB8-8B4A-11D0-8D11-00A0C91BC942}") = "RUN_TESTS", "RUN_TESTS.vcxproj", "{62936154-DF7D-32ED-B409-5D146FA13584}"
	ProjectSection(ProjectDependencies) = postProject
		{18335607-7183-316F-81E3-56EDCEA641BE} = {18335607-7183-316F-81E3-56EDCEA641BE}
	EndProjectSection
EndProject
Project("{8BC9CEB8-8B4A-11D0-8D11-00A0C91BC942}") = "Tutorial", "Tutorial.vcxproj", "{A1BEE61F-B42E-39B8-B645-12A17943698C}"
	ProjectSection(ProjectDependencies) = postProject
		{F8EFCB10-449D-36D7-A346-58A8EA00B4E8} = {F8EFCB10-449D-36D7-A346-58A8EA00B4E8}
		{18335607-7183-316F-81E3-56EDCEA641BE} = {18335607-7183-316F-81E3-56EDCEA641BE}
	EndProjectSection
EndProject
Project("{8BC9CEB8-8B4A-11D0-8D11-00A0C91BC942}") = "ZERO_CHECK", "ZERO_CHECK.vcxproj", "{18335607-7183-316F-81E3-56EDCEA641BE}"
	ProjectSection(ProjectDependencies) = postProject
	EndProjectSection
EndProject
Global
	GlobalSection(SolutionConfigurationPlatforms) = preSolution
		Debug|x64 = Debug|x64
		Release|x64 = Release|x64
		MinSizeRel|x64 = MinSizeRel|x64
		RelWithDebInfo|x64 = RelWithDebInfo|x64
	EndGlobalSection
	GlobalSection(ProjectConfigurationPlatforms) = postSolution
		{2AB9FE74-A921-3184-AD3A-65975021FDCB}.Debug|x64.ActiveCfg = Debug|x64
		{2AB9FE74-A921-3184-AD3A-65975021FDCB}.Debug|x64.Build.0 = Debug|x64
		{2AB9FE74-A921-3184-AD3A-65975021FDCB}.Release|x64.ActiveCfg = Release|x64
		{2AB9FE74-A921-3184-AD3A-65975021FDCB}.Release|x64.Build.0 = Release|x64
		{2AB9FE74-A921-3184-AD3A-65975021FDCB}.MinSizeRel|x64.ActiveCfg = MinSizeRel|x64
		{2AB9FE74-A921-3184-AD3A-65975021FDCB}.MinSizeRel|x64.Build.0 = MinSizeRel|x64
		{2AB9FE74-A921-3184-AD3A-65975021FDCB}.RelWithDebInfo|x64.ActiveCfg = RelWithDebInfo|x64
		{2AB9FE74-A921-3184-AD3A-65975021FDCB}.RelWithDebInfo|x64.Build.0 = RelWithDebInfo|x64
		{0F244D2E-EB6C-3576-815C-642E7CA87CF2}.Debug|x64.ActiveCfg = Debug|x64
		{0F244D2E-EB6C-3576-815C-642E7CA87CF2}.Release|x64.ActiveCfg = Release|x64
		{0F244D2E-EB6C-3576-815C-642E7CA87CF2}.MinSizeRel|x64.ActiveCfg = MinSizeRel|x64
		{0F244D2E-EB6C-3576-815C-642E7CA87CF2}.RelWithDebInfo|x64.ActiveCfg = RelWithDebInfo|x64
		{29A4FF5E-E1C0-3911-8767-55D7EE198232}.Debug|x64.ActiveCfg = Debug|x64
		{29A4FF5E-E1C0-3911-8767-55D7EE198232}.Release|x64.ActiveCfg = Release|x64
		{29A4FF5E-E1C0-3911-8767-55D7EE198232}.MinSizeRel|x64.ActiveCfg = MinSizeRel|x64
		{29A4FF5E-E1C0-3911-8767-55D7EE198232}.RelWithDebInfo|x64.ActiveCfg = RelWithDebInfo|x64
		{CAF4EB9F-B8F4-3EA4-9DD6-EA7743A4682B}.Debug|x64.ActiveCfg = Debug|x64
		{CAF4EB9F-B8F4-3EA4-9DD6-EA7743A4682B}.Release|x64.ActiveCfg = Release|x64
		{CAF4EB9F-B8F4-3EA4-9DD6-EA7743A4682B}.MinSizeRel|x64.ActiveCfg = MinSizeRel|x64
		{CAF4EB9F-B8F4-3EA4-9DD6-EA7743A4682B}.RelWithDebInfo|x64.ActiveCfg = RelWithDebInfo|x64
		{99E615EB-C6F2-3D31-8BEA-9822763065DD}.Debug|x64.ActiveCfg = Debug|x64
		{99E615EB-C6F2-3D31-8BEA-9822763065DD}.Debug|x64.Build.0 = Debug|x64
		{99E615EB-C6F2-3D31-8BEA-9822763065DD}.Release|x64.ActiveCfg = Release|x64
		{99E615EB-C6F2-3D31-8BEA-9822763065DD}.Release|x64.Build.0 = Release|x64
		{99E615EB-C6F2-3D31-8BEA-9822763065DD}.MinSizeRel|x64.ActiveCfg = MinSizeRel|x64
		{99E615EB-C6F2-3D31-8BEA-9822763065DD}.MinSizeRel|x64.Build.0 = MinSizeRel|x64
		{99E615EB-C6F2-3D31-8BEA-9822763065DD}.RelWithDebInfo|x64.ActiveCfg = RelWithDebInfo|x64
		{99E615EB-C6F2-3D31-8BEA-9822763065DD}.RelWithDebInfo|x64.Build.0 = RelWithDebInfo|x64
		{F8EFCB10-449D-36D7-A346-58A8EA00B4E8}.Debug|x64.ActiveCfg = Debug|x64
		{F8EFCB10-449D-36D7-A346-58A8EA00B4E8}.Debug|x64.Build.0 = Debug|x64
		{F8EFCB10-449D-36D7-A346-58A8EA00B4E8}.Release|x64.ActiveCfg = Release|x64
		{F8EFCB10-449D-36D7-A346-58A8EA00B4E8}.Release|x64.Build.0 = Release|x64
		{F8EFCB10-449D-36D7-A346-58A8EA00B4E8}.MinSizeRel|x64.ActiveCfg = MinSizeRel|x64
		{F8EFCB10-449D-36D7-A346-58A8EA00B4E8}.MinSizeRel|x64.Build.0 = MinSizeRel|x64
		{F8EFCB10-449D-36D7-A346-58A8EA00B4E8}.RelWithDebInfo|x64.ActiveCfg = RelWithDebInfo|x64
		{F8EFCB10-449D-36D7-A346-58A8EA00B4E8}.RelWithDebInfo|x64.Build.0 = RelWithDebInfo|x64
		{39879AF3-CB17-3F79-9894-0C2D60620148}.Debug|x64.ActiveCfg = Debug|x64
		{39879AF3-CB17-3F79-9894-0C2D60620148}.Release|x64.ActiveCfg = Release|x64
		{39879AF3-CB17-3F79-9894-0C2D60620148}.MinSizeRel|x64.ActiveCfg = MinSizeRel|x64
		{39879AF3-CB17-3F79-9894-0C2D60620148}.RelWithDebInfo|x64.ActiveCfg = RelWithDebInfo|x64
		{DAB464BE-CC8E-38F3-ABE4-7FDFFFF0E690}.Debug|x64.ActiveCfg = Debug|x64
		{DAB464BE-CC8E-38F3-ABE4-7FDFFFF0E690}.Release|x64.ActiveCfg = Release|x64
		{DAB464BE-CC8E-38F3-ABE4-7FDFFFF0E690}.MinSizeRel|x64.ActiveCfg = MinSizeRel|x64
		{DAB464BE-CC8E-38F3-ABE4-7FDFFFF0E690}.RelWithDebInfo|x64.ActiveCfg = RelWithDebInfo|x64
		{25732E50-AC1D-355C-86EF-03D3591C22C8}.Debug|x64.ActiveCfg = Debug|x64
		{25732E50-AC1D-355C-86EF-03D3591C22C8}.Release|x64.ActiveCfg = Release|x64
		{25732E50-AC1D-355C-86EF-03D3591C22C8}.MinSizeRel|x64.ActiveCfg = MinSizeRel|x64
		{25732E50-AC1D-355C-86EF-03D3591C22C8}.RelWithDebInfo|x64.ActiveCfg = RelWithDebInfo|x64
		{62936154-DF7D-32ED-B409-5D146FA13584}.Debug|x64.ActiveCfg = Debug|x64
		{62936154-DF7D-32ED-B409-5D146FA13584}.Release|x64.ActiveCfg = Release|x64
		{62936154-DF7D-32ED-B409-5D146FA13584}.MinSizeRel|x64.ActiveCfg = MinSizeRel|x64
		{62936154-DF7D-32ED-B409-5D146FA13584}.RelWithDebInfo|x64.ActiveCfg = RelWithDebInfo|x64
		{A1BEE61F-B42E-39B8-B645-12A17943698C}.Debug|x64.ActiveCfg = Debug|x64
		{A1BEE61F-B42E-39B8-B645-12A17943698C}.Debug|x64.Build.0 = Debug|x64
		{A1BEE61F-B42E-39B8-B645-12A17943698C}.Release|x64.ActiveCfg = Release|x64
		{A1BEE61F-B42E-39B8-B645-12A17943698C}.Release|x64.Build.0 = Release|x64
		{A1BEE61F-B42E-39B8-B645-12A17943698C}.MinSizeRel|x64.ActiveCfg = MinSizeRel|x64
		{A1BEE61F-B42E-39B8-B645-12A17943698C}.MinSizeRel|x64.Build.0 = MinSizeRel|x64
		{A1BEE61F-B42E-39B8-B645-12A17943698C}.RelWithDebInfo|x64.ActiveCfg = RelWithDebInfo|x64
		{A1BEE61F-B42E-39B8-B645-12A17943698C}.RelWithDebInfo|x64.Build.0 = RelWithDebInfo|x64
		{18335607-7183-316F-81E3-56EDCEA641BE}.Debug|x64.ActiveCfg = Debug|x64
		{18335607-7183-316F-81E3-56EDCEA641BE}.Debug|x64.Build.0 = Debug|x64
		{18335607-7183-316F-81E3-56EDCEA641BE}.Release|x64.ActiveCfg = Release|x64
		{18335607-7183-316F-81E3-56EDCEA641BE}.Release|x64.Build.0 = Release|x64
		{18335607-7183-316F-81E3-56EDCEA641BE}.MinSizeRel|x64.ActiveCfg = MinSizeRel|x64
		{18335607-7183-316F-81E3-56EDCEA641BE}.MinSizeRel|x64.Build.0 = MinSizeRel|x64
		{18335607-7183-316F-81E3-56EDCEA641BE}.RelWithDebInfo|x64.ActiveCfg = RelWithDebInfo|x64
		{18335607-7183-316F-81E3-56EDCEA641BE}.RelWithDebInfo|x64.Build.0 = RelWithDebInfo|x64
	EndGlobalSection
	GlobalSection(ExtensibilityGlobals) = postSolution
		SolutionGuid = {FF73E2D1-17F2-395C-BE82-AF571DB91FDD}
	EndGlobalSection
	GlobalSection(ExtensibilityAddIns) = postSolution
	EndGlobalSection
EndGlobal
