<?xml version="1.0" encoding="utf-8"?>
<Project ToolsVersion="16.0" xmlns="http://schemas.microsoft.com/developer/msbuild/2003">
  <ItemGroup>
    <CustomBuild Include="C:\Users\admin\Desktop\cpp-Basics\cmake_tutorial\Step11_build\CMakeFiles\1cda06c89cdd36f9343e8ffcb063be91\INSTALL_force.rule">
      <Filter>CMake Rules</Filter>
    </CustomBuild>
  </ItemGroup>
  <ItemGroup>
    <Filter Include="CMake Rules">
      <UniqueIdentifier>{D01D9902-3103-33D8-9F94-542D022A7CF2}</UniqueIdentifier>
    </Filter>
  </ItemGroup>
</Project>
