
Microsoft Visual Studio Solution File, Format Version 12.00
# Visual Studio Version 16
Project("{8BC9CEB8-8B4A-11D0-8D11-00A0C91BC942}") = "ALL_BUILD", "ALL_BUILD.vcxproj", "{E05E88D9-6CEE-3D59-AB59-904D82EEF8D1}"
	ProjectSection(ProjectDependencies) = postProject
		{5084F5A5-4917-3310-8921-69D77E2FAB57} = {5084F5A5-4917-3310-8921-69D77E2FAB57}
		{FF066289-149D-32B6-8DF5-CC4C77AEE65D} = {FF066289-149D-32B6-8DF5-CC4C77AEE65D}
		{63740A40-D750-3657-B0C2-93C6D42857A1} = {63740A40-D750-3657-B0C2-93C6D42857A1}
		{AB825637-B460-3011-8AE5-1A1F46D7B30D} = {AB825637-B460-3011-8AE5-1A1F46D7B30D}
		{48406086-D3E3-3421-B550-F0716835EBEF} = {48406086-D3E3-3421-B550-F0716835EBEF}
	EndProjectSection
EndProject
Project("{8BC9CEB8-8B4A-11D0-8D11-00A0C91BC942}") = "Continuous", "Continuous.vcxproj", "{795FF9CE-8EF5-3A27-8639-149713EA134A}"
	ProjectSection(ProjectDependencies) = postProject
		{48406086-D3E3-3421-B550-F0716835EBEF} = {48406086-D3E3-3421-B550-F0716835EBEF}
	EndProjectSection
EndProject
Project("{8BC9CEB8-8B4A-11D0-8D11-00A0C91BC942}") = "Experimental", "Experimental.vcxproj", "{4517B15F-1BDA-3F7F-AF38-512BF6A554DF}"
	ProjectSection(ProjectDependencies) = postProject
		{48406086-D3E3-3421-B550-F0716835EBEF} = {48406086-D3E3-3421-B550-F0716835EBEF}
	EndProjectSection
EndProject
Project("{8BC9CEB8-8B4A-11D0-8D11-00A0C91BC942}") = "INSTALL", "INSTALL.vcxproj", "{59C61BBE-3B47-394E-B3A3-7EDBC5F07815}"
	ProjectSection(ProjectDependencies) = postProject
		{E05E88D9-6CEE-3D59-AB59-904D82EEF8D1} = {E05E88D9-6CEE-3D59-AB59-904D82EEF8D1}
		{48406086-D3E3-3421-B550-F0716835EBEF} = {48406086-D3E3-3421-B550-F0716835EBEF}
	EndProjectSection
EndProject
Project("{8BC9CEB8-8B4A-11D0-8D11-00A0C91BC942}") = "MakeTable", "MathFunctions\MakeTable.vcxproj", "{5084F5A5-4917-3310-8921-69D77E2FAB57}"
	ProjectSection(ProjectDependencies) = postProject
		{48406086-D3E3-3421-B550-F0716835EBEF} = {48406086-D3E3-3421-B550-F0716835EBEF}
	EndProjectSection
EndProject
Project("{8BC9CEB8-8B4A-11D0-8D11-00A0C91BC942}") = "MathFunctions", "MathFunctions\MathFunctions.vcxproj", "{FF066289-149D-32B6-8DF5-CC4C77AEE65D}"
	ProjectSection(ProjectDependencies) = postProject
		{63740A40-D750-3657-B0C2-93C6D42857A1} = {63740A40-D750-3657-B0C2-93C6D42857A1}
		{48406086-D3E3-3421-B550-F0716835EBEF} = {48406086-D3E3-3421-B550-F0716835EBEF}
	EndProjectSection
EndProject
Project("{8BC9CEB8-8B4A-11D0-8D11-00A0C91BC942}") = "Nightly", "Nightly.vcxproj", "{6CE30C69-91BE-32E5-9069-1F341B84DF65}"
	ProjectSection(ProjectDependencies) = postProject
		{48406086-D3E3-3421-B550-F0716835EBEF} = {48406086-D3E3-3421-B550-F0716835EBEF}
	EndProjectSection
EndProject
Project("{8BC9CEB8-8B4A-11D0-8D11-00A0C91BC942}") = "NightlyMemoryCheck", "NightlyMemoryCheck.vcxproj", "{9F4CA409-86C8-3317-9FD3-7D9347A9BE9C}"
	ProjectSection(ProjectDependencies) = postProject
		{48406086-D3E3-3421-B550-F0716835EBEF} = {48406086-D3E3-3421-B550-F0716835EBEF}
	EndProjectSection
EndProject
Project("{8BC9CEB8-8B4A-11D0-8D11-00A0C91BC942}") = "PACKAGE", "PACKAGE.vcxproj", "{D76B3777-F400-3FDC-B8FA-A69D03AFDF68}"
	ProjectSection(ProjectDependencies) = postProject
		{E05E88D9-6CEE-3D59-AB59-904D82EEF8D1} = {E05E88D9-6CEE-3D59-AB59-904D82EEF8D1}
		{48406086-D3E3-3421-B550-F0716835EBEF} = {48406086-D3E3-3421-B550-F0716835EBEF}
	EndProjectSection
EndProject
Project("{8BC9CEB8-8B4A-11D0-8D11-00A0C91BC942}") = "RUN_TESTS", "RUN_TESTS.vcxproj", "{1596312C-72BD-35C9-9609-4993AAAF5A51}"
	ProjectSection(ProjectDependencies) = postProject
		{48406086-D3E3-3421-B550-F0716835EBEF} = {48406086-D3E3-3421-B550-F0716835EBEF}
	EndProjectSection
EndProject
Project("{8BC9CEB8-8B4A-11D0-8D11-00A0C91BC942}") = "SqrtLibrary", "MathFunctions\SqrtLibrary.vcxproj", "{63740A40-D750-3657-B0C2-93C6D42857A1}"
	ProjectSection(ProjectDependencies) = postProject
		{5084F5A5-4917-3310-8921-69D77E2FAB57} = {5084F5A5-4917-3310-8921-69D77E2FAB57}
		{48406086-D3E3-3421-B550-F0716835EBEF} = {48406086-D3E3-3421-B550-F0716835EBEF}
	EndProjectSection
EndProject
Project("{8BC9CEB8-8B4A-11D0-8D11-00A0C91BC942}") = "Tutorial", "Tutorial.vcxproj", "{AB825637-B460-3011-8AE5-1A1F46D7B30D}"
	ProjectSection(ProjectDependencies) = postProject
		{FF066289-149D-32B6-8DF5-CC4C77AEE65D} = {FF066289-149D-32B6-8DF5-CC4C77AEE65D}
		{48406086-D3E3-3421-B550-F0716835EBEF} = {48406086-D3E3-3421-B550-F0716835EBEF}
	EndProjectSection
EndProject
Project("{8BC9CEB8-8B4A-11D0-8D11-00A0C91BC942}") = "ZERO_CHECK", "ZERO_CHECK.vcxproj", "{48406086-D3E3-3421-B550-F0716835EBEF}"
	ProjectSection(ProjectDependencies) = postProject
	EndProjectSection
EndProject
Global
	GlobalSection(SolutionConfigurationPlatforms) = preSolution
		Debug|x64 = Debug|x64
		Release|x64 = Release|x64
		MinSizeRel|x64 = MinSizeRel|x64
		RelWithDebInfo|x64 = RelWithDebInfo|x64
	EndGlobalSection
	GlobalSection(ProjectConfigurationPlatforms) = postSolution
		{E05E88D9-6CEE-3D59-AB59-904D82EEF8D1}.Debug|x64.ActiveCfg = Debug|x64
		{E05E88D9-6CEE-3D59-AB59-904D82EEF8D1}.Debug|x64.Build.0 = Debug|x64
		{E05E88D9-6CEE-3D59-AB59-904D82EEF8D1}.Release|x64.ActiveCfg = Release|x64
		{E05E88D9-6CEE-3D59-AB59-904D82EEF8D1}.Release|x64.Build.0 = Release|x64
		{E05E88D9-6CEE-3D59-AB59-904D82EEF8D1}.MinSizeRel|x64.ActiveCfg = MinSizeRel|x64
		{E05E88D9-6CEE-3D59-AB59-904D82EEF8D1}.MinSizeRel|x64.Build.0 = MinSizeRel|x64
		{E05E88D9-6CEE-3D59-AB59-904D82EEF8D1}.RelWithDebInfo|x64.ActiveCfg = RelWithDebInfo|x64
		{E05E88D9-6CEE-3D59-AB59-904D82EEF8D1}.RelWithDebInfo|x64.Build.0 = RelWithDebInfo|x64
		{795FF9CE-8EF5-3A27-8639-149713EA134A}.Debug|x64.ActiveCfg = Debug|x64
		{795FF9CE-8EF5-3A27-8639-149713EA134A}.Release|x64.ActiveCfg = Release|x64
		{795FF9CE-8EF5-3A27-8639-149713EA134A}.MinSizeRel|x64.ActiveCfg = MinSizeRel|x64
		{795FF9CE-8EF5-3A27-8639-149713EA134A}.RelWithDebInfo|x64.ActiveCfg = RelWithDebInfo|x64
		{4517B15F-1BDA-3F7F-AF38-512BF6A554DF}.Debug|x64.ActiveCfg = Debug|x64
		{4517B15F-1BDA-3F7F-AF38-512BF6A554DF}.Release|x64.ActiveCfg = Release|x64
		{4517B15F-1BDA-3F7F-AF38-512BF6A554DF}.MinSizeRel|x64.ActiveCfg = MinSizeRel|x64
		{4517B15F-1BDA-3F7F-AF38-512BF6A554DF}.RelWithDebInfo|x64.ActiveCfg = RelWithDebInfo|x64
		{59C61BBE-3B47-394E-B3A3-7EDBC5F07815}.Debug|x64.ActiveCfg = Debug|x64
		{59C61BBE-3B47-394E-B3A3-7EDBC5F07815}.Release|x64.ActiveCfg = Release|x64
		{59C61BBE-3B47-394E-B3A3-7EDBC5F07815}.MinSizeRel|x64.ActiveCfg = MinSizeRel|x64
		{59C61BBE-3B47-394E-B3A3-7EDBC5F07815}.RelWithDebInfo|x64.ActiveCfg = RelWithDebInfo|x64
		{5084F5A5-4917-3310-8921-69D77E2FAB57}.Debug|x64.ActiveCfg = Debug|x64
		{5084F5A5-4917-3310-8921-69D77E2FAB57}.Debug|x64.Build.0 = Debug|x64
		{5084F5A5-4917-3310-8921-69D77E2FAB57}.Release|x64.ActiveCfg = Release|x64
		{5084F5A5-4917-3310-8921-69D77E2FAB57}.Release|x64.Build.0 = Release|x64
		{5084F5A5-4917-3310-8921-69D77E2FAB57}.MinSizeRel|x64.ActiveCfg = MinSizeRel|x64
		{5084F5A5-4917-3310-8921-69D77E2FAB57}.MinSizeRel|x64.Build.0 = MinSizeRel|x64
		{5084F5A5-4917-3310-8921-69D77E2FAB57}.RelWithDebInfo|x64.ActiveCfg = RelWithDebInfo|x64
		{5084F5A5-4917-3310-8921-69D77E2FAB57}.RelWithDebInfo|x64.Build.0 = RelWithDebInfo|x64
		{FF066289-149D-32B6-8DF5-CC4C77AEE65D}.Debug|x64.ActiveCfg = Debug|x64
		{FF066289-149D-32B6-8DF5-CC4C77AEE65D}.Debug|x64.Build.0 = Debug|x64
		{FF066289-149D-32B6-8DF5-CC4C77AEE65D}.Release|x64.ActiveCfg = Release|x64
		{FF066289-149D-32B6-8DF5-CC4C77AEE65D}.Release|x64.Build.0 = Release|x64
		{FF066289-149D-32B6-8DF5-CC4C77AEE65D}.MinSizeRel|x64.ActiveCfg = MinSizeRel|x64
		{FF066289-149D-32B6-8DF5-CC4C77AEE65D}.MinSizeRel|x64.Build.0 = MinSizeRel|x64
		{FF066289-149D-32B6-8DF5-CC4C77AEE65D}.RelWithDebInfo|x64.ActiveCfg = RelWithDebInfo|x64
		{FF066289-149D-32B6-8DF5-CC4C77AEE65D}.RelWithDebInfo|x64.Build.0 = RelWithDebInfo|x64
		{6CE30C69-91BE-32E5-9069-1F341B84DF65}.Debug|x64.ActiveCfg = Debug|x64
		{6CE30C69-91BE-32E5-9069-1F341B84DF65}.Release|x64.ActiveCfg = Release|x64
		{6CE30C69-91BE-32E5-9069-1F341B84DF65}.MinSizeRel|x64.ActiveCfg = MinSizeRel|x64
		{6CE30C69-91BE-32E5-9069-1F341B84DF65}.RelWithDebInfo|x64.ActiveCfg = RelWithDebInfo|x64
		{9F4CA409-86C8-3317-9FD3-7D9347A9BE9C}.Debug|x64.ActiveCfg = Debug|x64
		{9F4CA409-86C8-3317-9FD3-7D9347A9BE9C}.Release|x64.ActiveCfg = Release|x64
		{9F4CA409-86C8-3317-9FD3-7D9347A9BE9C}.MinSizeRel|x64.ActiveCfg = MinSizeRel|x64
		{9F4CA409-86C8-3317-9FD3-7D9347A9BE9C}.RelWithDebInfo|x64.ActiveCfg = RelWithDebInfo|x64
		{D76B3777-F400-3FDC-B8FA-A69D03AFDF68}.Debug|x64.ActiveCfg = Debug|x64
		{D76B3777-F400-3FDC-B8FA-A69D03AFDF68}.Release|x64.ActiveCfg = Release|x64
		{D76B3777-F400-3FDC-B8FA-A69D03AFDF68}.MinSizeRel|x64.ActiveCfg = MinSizeRel|x64
		{D76B3777-F400-3FDC-B8FA-A69D03AFDF68}.RelWithDebInfo|x64.ActiveCfg = RelWithDebInfo|x64
		{1596312C-72BD-35C9-9609-4993AAAF5A51}.Debug|x64.ActiveCfg = Debug|x64
		{1596312C-72BD-35C9-9609-4993AAAF5A51}.Release|x64.ActiveCfg = Release|x64
		{1596312C-72BD-35C9-9609-4993AAAF5A51}.MinSizeRel|x64.ActiveCfg = MinSizeRel|x64
		{1596312C-72BD-35C9-9609-4993AAAF5A51}.RelWithDebInfo|x64.ActiveCfg = RelWithDebInfo|x64
		{63740A40-D750-3657-B0C2-93C6D42857A1}.Debug|x64.ActiveCfg = Debug|x64
		{63740A40-D750-3657-B0C2-93C6D42857A1}.Debug|x64.Build.0 = Debug|x64
		{63740A40-D750-3657-B0C2-93C6D42857A1}.Release|x64.ActiveCfg = Release|x64
		{63740A40-D750-3657-B0C2-93C6D42857A1}.Release|x64.Build.0 = Release|x64
		{63740A40-D750-3657-B0C2-93C6D42857A1}.MinSizeRel|x64.ActiveCfg = MinSizeRel|x64
		{63740A40-D750-3657-B0C2-93C6D42857A1}.MinSizeRel|x64.Build.0 = MinSizeRel|x64
		{63740A40-D750-3657-B0C2-93C6D42857A1}.RelWithDebInfo|x64.ActiveCfg = RelWithDebInfo|x64
		{63740A40-D750-3657-B0C2-93C6D42857A1}.RelWithDebInfo|x64.Build.0 = RelWithDebInfo|x64
		{AB825637-B460-3011-8AE5-1A1F46D7B30D}.Debug|x64.ActiveCfg = Debug|x64
		{AB825637-B460-3011-8AE5-1A1F46D7B30D}.Debug|x64.Build.0 = Debug|x64
		{AB825637-B460-3011-8AE5-1A1F46D7B30D}.Release|x64.ActiveCfg = Release|x64
		{AB825637-B460-3011-8AE5-1A1F46D7B30D}.Release|x64.Build.0 = Release|x64
		{AB825637-B460-3011-8AE5-1A1F46D7B30D}.MinSizeRel|x64.ActiveCfg = MinSizeRel|x64
		{AB825637-B460-3011-8AE5-1A1F46D7B30D}.MinSizeRel|x64.Build.0 = MinSizeRel|x64
		{AB825637-B460-3011-8AE5-1A1F46D7B30D}.RelWithDebInfo|x64.ActiveCfg = RelWithDebInfo|x64
		{AB825637-B460-3011-8AE5-1A1F46D7B30D}.RelWithDebInfo|x64.Build.0 = RelWithDebInfo|x64
		{48406086-D3E3-3421-B550-F0716835EBEF}.Debug|x64.ActiveCfg = Debug|x64
		{48406086-D3E3-3421-B550-F0716835EBEF}.Debug|x64.Build.0 = Debug|x64
		{48406086-D3E3-3421-B550-F0716835EBEF}.Release|x64.ActiveCfg = Release|x64
		{48406086-D3E3-3421-B550-F0716835EBEF}.Release|x64.Build.0 = Release|x64
		{48406086-D3E3-3421-B550-F0716835EBEF}.MinSizeRel|x64.ActiveCfg = MinSizeRel|x64
		{48406086-D3E3-3421-B550-F0716835EBEF}.MinSizeRel|x64.Build.0 = MinSizeRel|x64
		{48406086-D3E3-3421-B550-F0716835EBEF}.RelWithDebInfo|x64.ActiveCfg = RelWithDebInfo|x64
		{48406086-D3E3-3421-B550-F0716835EBEF}.RelWithDebInfo|x64.Build.0 = RelWithDebInfo|x64
	EndGlobalSection
	GlobalSection(ExtensibilityGlobals) = postSolution
		SolutionGuid = {A244FEB0-2D12-3072-AD42-5D416910BF34}
	EndGlobalSection
	GlobalSection(ExtensibilityAddIns) = postSolution
	EndGlobalSection
EndGlobal
