
Microsoft Visual Studio Solution File, Format Version 12.00
# Visual Studio Version 16
Project("{8BC9CEB8-8B4A-11D0-8D11-00A0C91BC942}") = "ALL_BUILD", "ALL_BUILD.vcxproj", "{6C534DE8-C812-34D2-8E32-75A89AD3BD8F}"
	ProjectSection(ProjectDependencies) = postProject
		{ECB63003-F1BE-3737-9BC3-937B2D050FF4} = {ECB63003-F1BE-3737-9BC3-937B2D050FF4}
		{9A1FAC58-13F6-3337-8F12-478BABBC5B65} = {9A1FAC58-13F6-3337-8F12-478BABBC5B65}
		{20DDE13A-8CAC-3F5F-A97F-D9C5459A310E} = {20DDE13A-8CAC-3F5F-A97F-D9C5459A310E}
		{2AF9E1E6-E8E7-3082-9364-B055C4A1A989} = {2AF9E1E6-E8E7-3082-9364-B055C4A1A989}
		{C81B165A-D91D-3A38-B608-B69B1CF16C8A} = {C81B165A-D91D-3A38-B608-B69B1CF16C8A}
	EndProjectSection
EndProject
Project("{8BC9CEB8-8B4A-11D0-8D11-00A0C91BC942}") = "Continuous", "Continuous.vcxproj", "{3B32CB29-A1FB-35DA-A808-236C8391FBB9}"
	ProjectSection(ProjectDependencies) = postProject
		{C81B165A-D91D-3A38-B608-B69B1CF16C8A} = {C81B165A-D91D-3A38-B608-B69B1CF16C8A}
	EndProjectSection
EndProject
Project("{8BC9CEB8-8B4A-11D0-8D11-00A0C91BC942}") = "Experimental", "Experimental.vcxproj", "{C3AEA9D6-FEE8-3052-BB68-9D8171DCD7EA}"
	ProjectSection(ProjectDependencies) = postProject
		{C81B165A-D91D-3A38-B608-B69B1CF16C8A} = {C81B165A-D91D-3A38-B608-B69B1CF16C8A}
	EndProjectSection
EndProject
Project("{8BC9CEB8-8B4A-11D0-8D11-00A0C91BC942}") = "INSTALL", "INSTALL.vcxproj", "{E6FB737F-FF44-345D-AEAE-ABBF22A666A3}"
	ProjectSection(ProjectDependencies) = postProject
		{6C534DE8-C812-34D2-8E32-75A89AD3BD8F} = {6C534DE8-C812-34D2-8E32-75A89AD3BD8F}
		{C81B165A-D91D-3A38-B608-B69B1CF16C8A} = {C81B165A-D91D-3A38-B608-B69B1CF16C8A}
	EndProjectSection
EndProject
Project("{8BC9CEB8-8B4A-11D0-8D11-00A0C91BC942}") = "MakeTable", "MathFunctions\MakeTable.vcxproj", "{ECB63003-F1BE-3737-9BC3-937B2D050FF4}"
	ProjectSection(ProjectDependencies) = postProject
		{C81B165A-D91D-3A38-B608-B69B1CF16C8A} = {C81B165A-D91D-3A38-B608-B69B1CF16C8A}
	EndProjectSection
EndProject
Project("{8BC9CEB8-8B4A-11D0-8D11-00A0C91BC942}") = "MathFunctions", "MathFunctions\MathFunctions.vcxproj", "{9A1FAC58-13F6-3337-8F12-478BABBC5B65}"
	ProjectSection(ProjectDependencies) = postProject
		{20DDE13A-8CAC-3F5F-A97F-D9C5459A310E} = {20DDE13A-8CAC-3F5F-A97F-D9C5459A310E}
		{C81B165A-D91D-3A38-B608-B69B1CF16C8A} = {C81B165A-D91D-3A38-B608-B69B1CF16C8A}
	EndProjectSection
EndProject
Project("{8BC9CEB8-8B4A-11D0-8D11-00A0C91BC942}") = "Nightly", "Nightly.vcxproj", "{3B6DBCE9-383A-3810-ACAA-E450C365A511}"
	ProjectSection(ProjectDependencies) = postProject
		{C81B165A-D91D-3A38-B608-B69B1CF16C8A} = {C81B165A-D91D-3A38-B608-B69B1CF16C8A}
	EndProjectSection
EndProject
Project("{8BC9CEB8-8B4A-11D0-8D11-00A0C91BC942}") = "NightlyMemoryCheck", "NightlyMemoryCheck.vcxproj", "{26F7A6DC-EC81-349C-9413-C5AB59E98282}"
	ProjectSection(ProjectDependencies) = postProject
		{C81B165A-D91D-3A38-B608-B69B1CF16C8A} = {C81B165A-D91D-3A38-B608-B69B1CF16C8A}
	EndProjectSection
EndProject
Project("{8BC9CEB8-8B4A-11D0-8D11-00A0C91BC942}") = "PACKAGE", "PACKAGE.vcxproj", "{EE788A8D-64ED-3F4D-BF78-00BD858ED1F0}"
	ProjectSection(ProjectDependencies) = postProject
		{6C534DE8-C812-34D2-8E32-75A89AD3BD8F} = {6C534DE8-C812-34D2-8E32-75A89AD3BD8F}
		{C81B165A-D91D-3A38-B608-B69B1CF16C8A} = {C81B165A-D91D-3A38-B608-B69B1CF16C8A}
	EndProjectSection
EndProject
Project("{8BC9CEB8-8B4A-11D0-8D11-00A0C91BC942}") = "RUN_TESTS", "RUN_TESTS.vcxproj", "{563BD2AB-220A-3742-BEB4-D6A076BB368E}"
	ProjectSection(ProjectDependencies) = postProject
		{C81B165A-D91D-3A38-B608-B69B1CF16C8A} = {C81B165A-D91D-3A38-B608-B69B1CF16C8A}
	EndProjectSection
EndProject
Project("{8BC9CEB8-8B4A-11D0-8D11-00A0C91BC942}") = "SqrtLibrary", "MathFunctions\SqrtLibrary.vcxproj", "{20DDE13A-8CAC-3F5F-A97F-D9C5459A310E}"
	ProjectSection(ProjectDependencies) = postProject
		{ECB63003-F1BE-3737-9BC3-937B2D050FF4} = {ECB63003-F1BE-3737-9BC3-937B2D050FF4}
		{C81B165A-D91D-3A38-B608-B69B1CF16C8A} = {C81B165A-D91D-3A38-B608-B69B1CF16C8A}
	EndProjectSection
EndProject
Project("{8BC9CEB8-8B4A-11D0-8D11-00A0C91BC942}") = "Tutorial", "Tutorial.vcxproj", "{2AF9E1E6-E8E7-3082-9364-B055C4A1A989}"
	ProjectSection(ProjectDependencies) = postProject
		{9A1FAC58-13F6-3337-8F12-478BABBC5B65} = {9A1FAC58-13F6-3337-8F12-478BABBC5B65}
		{C81B165A-D91D-3A38-B608-B69B1CF16C8A} = {C81B165A-D91D-3A38-B608-B69B1CF16C8A}
	EndProjectSection
EndProject
Project("{8BC9CEB8-8B4A-11D0-8D11-00A0C91BC942}") = "ZERO_CHECK", "ZERO_CHECK.vcxproj", "{C81B165A-D91D-3A38-B608-B69B1CF16C8A}"
	ProjectSection(ProjectDependencies) = postProject
	EndProjectSection
EndProject
Global
	GlobalSection(SolutionConfigurationPlatforms) = preSolution
		Debug|x64 = Debug|x64
		Release|x64 = Release|x64
		MinSizeRel|x64 = MinSizeRel|x64
		RelWithDebInfo|x64 = RelWithDebInfo|x64
	EndGlobalSection
	GlobalSection(ProjectConfigurationPlatforms) = postSolution
		{6C534DE8-C812-34D2-8E32-75A89AD3BD8F}.Debug|x64.ActiveCfg = Debug|x64
		{6C534DE8-C812-34D2-8E32-75A89AD3BD8F}.Debug|x64.Build.0 = Debug|x64
		{6C534DE8-C812-34D2-8E32-75A89AD3BD8F}.Release|x64.ActiveCfg = Release|x64
		{6C534DE8-C812-34D2-8E32-75A89AD3BD8F}.Release|x64.Build.0 = Release|x64
		{6C534DE8-C812-34D2-8E32-75A89AD3BD8F}.MinSizeRel|x64.ActiveCfg = MinSizeRel|x64
		{6C534DE8-C812-34D2-8E32-75A89AD3BD8F}.MinSizeRel|x64.Build.0 = MinSizeRel|x64
		{6C534DE8-C812-34D2-8E32-75A89AD3BD8F}.RelWithDebInfo|x64.ActiveCfg = RelWithDebInfo|x64
		{6C534DE8-C812-34D2-8E32-75A89AD3BD8F}.RelWithDebInfo|x64.Build.0 = RelWithDebInfo|x64
		{3B32CB29-A1FB-35DA-A808-236C8391FBB9}.Debug|x64.ActiveCfg = Debug|x64
		{3B32CB29-A1FB-35DA-A808-236C8391FBB9}.Release|x64.ActiveCfg = Release|x64
		{3B32CB29-A1FB-35DA-A808-236C8391FBB9}.MinSizeRel|x64.ActiveCfg = MinSizeRel|x64
		{3B32CB29-A1FB-35DA-A808-236C8391FBB9}.RelWithDebInfo|x64.ActiveCfg = RelWithDebInfo|x64
		{C3AEA9D6-FEE8-3052-BB68-9D8171DCD7EA}.Debug|x64.ActiveCfg = Debug|x64
		{C3AEA9D6-FEE8-3052-BB68-9D8171DCD7EA}.Release|x64.ActiveCfg = Release|x64
		{C3AEA9D6-FEE8-3052-BB68-9D8171DCD7EA}.MinSizeRel|x64.ActiveCfg = MinSizeRel|x64
		{C3AEA9D6-FEE8-3052-BB68-9D8171DCD7EA}.RelWithDebInfo|x64.ActiveCfg = RelWithDebInfo|x64
		{E6FB737F-FF44-345D-AEAE-ABBF22A666A3}.Debug|x64.ActiveCfg = Debug|x64
		{E6FB737F-FF44-345D-AEAE-ABBF22A666A3}.Release|x64.ActiveCfg = Release|x64
		{E6FB737F-FF44-345D-AEAE-ABBF22A666A3}.MinSizeRel|x64.ActiveCfg = MinSizeRel|x64
		{E6FB737F-FF44-345D-AEAE-ABBF22A666A3}.RelWithDebInfo|x64.ActiveCfg = RelWithDebInfo|x64
		{ECB63003-F1BE-3737-9BC3-937B2D050FF4}.Debug|x64.ActiveCfg = Debug|x64
		{ECB63003-F1BE-3737-9BC3-937B2D050FF4}.Debug|x64.Build.0 = Debug|x64
		{ECB63003-F1BE-3737-9BC3-937B2D050FF4}.Release|x64.ActiveCfg = Release|x64
		{ECB63003-F1BE-3737-9BC3-937B2D050FF4}.Release|x64.Build.0 = Release|x64
		{ECB63003-F1BE-3737-9BC3-937B2D050FF4}.MinSizeRel|x64.ActiveCfg = MinSizeRel|x64
		{ECB63003-F1BE-3737-9BC3-937B2D050FF4}.MinSizeRel|x64.Build.0 = MinSizeRel|x64
		{ECB63003-F1BE-3737-9BC3-937B2D050FF4}.RelWithDebInfo|x64.ActiveCfg = RelWithDebInfo|x64
		{ECB63003-F1BE-3737-9BC3-937B2D050FF4}.RelWithDebInfo|x64.Build.0 = RelWithDebInfo|x64
		{9A1FAC58-13F6-3337-8F12-478BABBC5B65}.Debug|x64.ActiveCfg = Debug|x64
		{9A1FAC58-13F6-3337-8F12-478BABBC5B65}.Debug|x64.Build.0 = Debug|x64
		{9A1FAC58-13F6-3337-8F12-478BABBC5B65}.Release|x64.ActiveCfg = Release|x64
		{9A1FAC58-13F6-3337-8F12-478BABBC5B65}.Release|x64.Build.0 = Release|x64
		{9A1FAC58-13F6-3337-8F12-478BABBC5B65}.MinSizeRel|x64.ActiveCfg = MinSizeRel|x64
		{9A1FAC58-13F6-3337-8F12-478BABBC5B65}.MinSizeRel|x64.Build.0 = MinSizeRel|x64
		{9A1FAC58-13F6-3337-8F12-478BABBC5B65}.RelWithDebInfo|x64.ActiveCfg = RelWithDebInfo|x64
		{9A1FAC58-13F6-3337-8F12-478BABBC5B65}.RelWithDebInfo|x64.Build.0 = RelWithDebInfo|x64
		{3B6DBCE9-383A-3810-ACAA-E450C365A511}.Debug|x64.ActiveCfg = Debug|x64
		{3B6DBCE9-383A-3810-ACAA-E450C365A511}.Release|x64.ActiveCfg = Release|x64
		{3B6DBCE9-383A-3810-ACAA-E450C365A511}.MinSizeRel|x64.ActiveCfg = MinSizeRel|x64
		{3B6DBCE9-383A-3810-ACAA-E450C365A511}.RelWithDebInfo|x64.ActiveCfg = RelWithDebInfo|x64
		{26F7A6DC-EC81-349C-9413-C5AB59E98282}.Debug|x64.ActiveCfg = Debug|x64
		{26F7A6DC-EC81-349C-9413-C5AB59E98282}.Release|x64.ActiveCfg = Release|x64
		{26F7A6DC-EC81-349C-9413-C5AB59E98282}.MinSizeRel|x64.ActiveCfg = MinSizeRel|x64
		{26F7A6DC-EC81-349C-9413-C5AB59E98282}.RelWithDebInfo|x64.ActiveCfg = RelWithDebInfo|x64
		{EE788A8D-64ED-3F4D-BF78-00BD858ED1F0}.Debug|x64.ActiveCfg = Debug|x64
		{EE788A8D-64ED-3F4D-BF78-00BD858ED1F0}.Release|x64.ActiveCfg = Release|x64
		{EE788A8D-64ED-3F4D-BF78-00BD858ED1F0}.MinSizeRel|x64.ActiveCfg = MinSizeRel|x64
		{EE788A8D-64ED-3F4D-BF78-00BD858ED1F0}.RelWithDebInfo|x64.ActiveCfg = RelWithDebInfo|x64
		{563BD2AB-220A-3742-BEB4-D6A076BB368E}.Debug|x64.ActiveCfg = Debug|x64
		{563BD2AB-220A-3742-BEB4-D6A076BB368E}.Release|x64.ActiveCfg = Release|x64
		{563BD2AB-220A-3742-BEB4-D6A076BB368E}.MinSizeRel|x64.ActiveCfg = MinSizeRel|x64
		{563BD2AB-220A-3742-BEB4-D6A076BB368E}.RelWithDebInfo|x64.ActiveCfg = RelWithDebInfo|x64
		{20DDE13A-8CAC-3F5F-A97F-D9C5459A310E}.Debug|x64.ActiveCfg = Debug|x64
		{20DDE13A-8CAC-3F5F-A97F-D9C5459A310E}.Debug|x64.Build.0 = Debug|x64
		{20DDE13A-8CAC-3F5F-A97F-D9C5459A310E}.Release|x64.ActiveCfg = Release|x64
		{20DDE13A-8CAC-3F5F-A97F-D9C5459A310E}.Release|x64.Build.0 = Release|x64
		{20DDE13A-8CAC-3F5F-A97F-D9C5459A310E}.MinSizeRel|x64.ActiveCfg = MinSizeRel|x64
		{20DDE13A-8CAC-3F5F-A97F-D9C5459A310E}.MinSizeRel|x64.Build.0 = MinSizeRel|x64
		{20DDE13A-8CAC-3F5F-A97F-D9C5459A310E}.RelWithDebInfo|x64.ActiveCfg = RelWithDebInfo|x64
		{20DDE13A-8CAC-3F5F-A97F-D9C5459A310E}.RelWithDebInfo|x64.Build.0 = RelWithDebInfo|x64
		{2AF9E1E6-E8E7-3082-9364-B055C4A1A989}.Debug|x64.ActiveCfg = Debug|x64
		{2AF9E1E6-E8E7-3082-9364-B055C4A1A989}.Debug|x64.Build.0 = Debug|x64
		{2AF9E1E6-E8E7-3082-9364-B055C4A1A989}.Release|x64.ActiveCfg = Release|x64
		{2AF9E1E6-E8E7-3082-9364-B055C4A1A989}.Release|x64.Build.0 = Release|x64
		{2AF9E1E6-E8E7-3082-9364-B055C4A1A989}.MinSizeRel|x64.ActiveCfg = MinSizeRel|x64
		{2AF9E1E6-E8E7-3082-9364-B055C4A1A989}.MinSizeRel|x64.Build.0 = MinSizeRel|x64
		{2AF9E1E6-E8E7-3082-9364-B055C4A1A989}.RelWithDebInfo|x64.ActiveCfg = RelWithDebInfo|x64
		{2AF9E1E6-E8E7-3082-9364-B055C4A1A989}.RelWithDebInfo|x64.Build.0 = RelWithDebInfo|x64
		{C81B165A-D91D-3A38-B608-B69B1CF16C8A}.Debug|x64.ActiveCfg = Debug|x64
		{C81B165A-D91D-3A38-B608-B69B1CF16C8A}.Debug|x64.Build.0 = Debug|x64
		{C81B165A-D91D-3A38-B608-B69B1CF16C8A}.Release|x64.ActiveCfg = Release|x64
		{C81B165A-D91D-3A38-B608-B69B1CF16C8A}.Release|x64.Build.0 = Release|x64
		{C81B165A-D91D-3A38-B608-B69B1CF16C8A}.MinSizeRel|x64.ActiveCfg = MinSizeRel|x64
		{C81B165A-D91D-3A38-B608-B69B1CF16C8A}.MinSizeRel|x64.Build.0 = MinSizeRel|x64
		{C81B165A-D91D-3A38-B608-B69B1CF16C8A}.RelWithDebInfo|x64.ActiveCfg = RelWithDebInfo|x64
		{C81B165A-D91D-3A38-B608-B69B1CF16C8A}.RelWithDebInfo|x64.Build.0 = RelWithDebInfo|x64
	EndGlobalSection
	GlobalSection(ExtensibilityGlobals) = postSolution
		SolutionGuid = {6E353E2D-CFF5-3488-84FB-8016C76774EF}
	EndGlobalSection
	GlobalSection(ExtensibilityAddIns) = postSolution
	EndGlobalSection
EndGlobal
