<?xml version="1.0" encoding="utf-8"?>
<Project ToolsVersion="16.0" xmlns="http://schemas.microsoft.com/developer/msbuild/2003">
  <ItemGroup>
    <CustomBuild Include="C:\Users\admin\Desktop\cpp-Basics\cmake_tutorial\Step7_build\CMakeFiles\8ec54748e92265c59f2b37c06f2f64a8\INSTALL_force.rule">
      <Filter>CMake Rules</Filter>
    </CustomBuild>
  </ItemGroup>
  <ItemGroup>
    <Filter Include="CMake Rules">
      <UniqueIdentifier>{EBD28152-B6C9-35C1-A94B-8527E17C01D3}</UniqueIdentifier>
    </Filter>
  </ItemGroup>
</Project>
