<?xml version="1.0" encoding="utf-8"?>
<Project ToolsVersion="16.0" xmlns="http://schemas.microsoft.com/developer/msbuild/2003">
  <ItemGroup>
    <CustomBuild Include="C:\Users\admin\Desktop\projects\cpp-Basics\cmake_tutorial\Step4_build\CMakeFiles\fe10cb10d113cd7ef906ce0255f794a1\RUN_TESTS_force.rule">
      <Filter>CMake Rules</Filter>
    </CustomBuild>
  </ItemGroup>
  <ItemGroup>
    <Filter Include="CMake Rules">
      <UniqueIdentifier>{D8CA2041-05A5-3325-ADB8-0926AA118744}</UniqueIdentifier>
    </Filter>
  </ItemGroup>
</Project>
